
Microsoft Visual Studio Solution File, Format Version 12.00
# Visual Studio Version 16
VisualStudioVersion = 16.0.31911.196
MinimumVisualStudioVersion = 10.0.40219.1
Project("{9A19103F-16F7-4668-BE54-9A1E7A4F7556}") = "TeamServer", "TeamServer\TeamServer.csproj", "{99CDB51E-5094-4262-9B1A-C6C9682F29A3}"
EndProject
Project("{9A19103F-16F7-4668-BE54-9A1E7A4F7556}") = "ApiModels", "ApiModels\ApiModels.csproj", "{929FAA02-5222-47DC-BA0B-229A9885B98D}"
EndProject
Project("{FAE04EC0-301F-11D3-BF4B-00C04F79EFBC}") = "Agent", "Agent\Agent.csproj", "{FC662017-E51E-4704-9BBB-19B8E021C94A}"
EndProject
Project("{9A19103F-16F7-4668-BE54-9A1E7A4F7556}") = "Commander", "Commander\Commander.csproj", "{8146A4C3-2DEF-424A-BDA8-580DF242A885}"
EndProject
Project("{2150E333-8FDC-42A3-9474-1A3956D46DE8}") = "Modules", "Modules", "{549767D5-4A00-4A20-AC4D-9A0F55BE4274}"
EndProject
Project("{2150E333-8FDC-42A3-9474-1A3956D46DE8}") = "Tests", "Tests", "{0B76A01A-0714-4F9E-A419-38C3CB2CD0DF}"
EndProject
Project("{FAE04EC0-301F-11D3-BF4B-00C04F79EFBC}") = "TestInject", "Tests\TestInject\TestInject.csproj", "{3522483D-B975-4323-8C5B-D03248D2E8C8}"
EndProject
Project("{2150E333-8FDC-42A3-9474-1A3956D46DE8}") = "Doc", "Doc", "{8BA2B05D-B7F3-4986-860D-F5FC7192EB8D}"
	ProjectSection(SolutionItems) = preProject
		Build Launchers.txt = Build Launchers.txt
		Generate Shellcode Commands.txt = Generate Shellcode Commands.txt
		Notes.txt = Notes.txt
		reaNimator.txt = reaNimator.txt
		Todo.txt = Todo.txt
	EndProjectSection
EndProject
Project("{FAE04EC0-301F-11D3-BF4B-00C04F79EFBC}") = "TestUAC", "Tests\TestUAC\TestUAC.csproj", "{F87A950E-3435-493A-8B10-C626E5D5A38F}"
EndProject
Project("{FAE04EC0-301F-11D3-BF4B-00C04F79EFBC}") = "UACBypass", "Modules\UACBypass\UACBypass.csproj", "{FED297BD-CC0C-4E55-8BA2-219FBB648382}"
EndProject
Project("{FAE04EC0-301F-11D3-BF4B-00C04F79EFBC}") = "RegKeyPersistence", "Modules\RegKeyPersistence\RegKeyPersistence.csproj", "{3D1A12FC-857E-4C16-9030-5F1145827FF7}"
EndProject
Project("{2150E333-8FDC-42A3-9474-1A3956D46DE8}") = "Base", "Base", "{75FB3794-95ED-4734-98BD-EAC3E769081C}"
	ProjectSection(SolutionItems) = preProject
		Modules\Module.cs = Modules\Module.cs
	EndProjectSection
EndProject
Project("{FAE04EC0-301F-11D3-BF4B-00C04F79EFBC}") = "Dropper", "Stager\Dropper.csproj", "{EAA75F4D-6C11-4304-AC0B-566694B538A1}"
EndProject
Project("{FAE04EC0-301F-11D3-BF4B-00C04F79EFBC}") = "Encloser", "Encloser\Encloser.csproj", "{4C99D738-7FE8-4F0A-B56C-6FDD252EF077}"
EndProject
Project("{2150E333-8FDC-42A3-9474-1A3956D46DE8}") = "Launcher", "Launcher", "{2DE697B9-6FF7-4ACE-B03E-2F34009507C7}"
EndProject
Project("{2150E333-8FDC-42A3-9474-1A3956D46DE8}") = "Depndencies", "Depndencies", "{289AF798-1663-40B6-B63D-E1E3B790D87C}"
EndProject
Project("{FAE04EC0-301F-11D3-BF4B-00C04F79EFBC}") = "Stage1", "Launcher\Stage1\Stage1.csproj", "{32297F2D-1AAF-4681-8310-C1177F64357E}"
EndProject
Project("{FAE04EC0-301F-11D3-BF4B-00C04F79EFBC}") = "PipeClient", "PipeClient\PipeClient.csproj", "{BB58D666-DC99-491E-B254-A328FA9CA9D1}"
EndProject
Project("{FAE04EC0-301F-11D3-BF4B-00C04F79EFBC}") = "PipeServer", "PipeServer\PipeServer.csproj", "{487CC2CE-CBD1-4D34-85FF-38FEBFE9C805}"
EndProject
Project("{FAE04EC0-301F-11D3-BF4B-00C04F79EFBC}") = "Cryptor", "Tests\Cryptor\Cryptor.csproj", "{A6FA1707-CC85-4D15-ADD3-D9D4A7BE91A3}"
EndProject
Global
	GlobalSection(SolutionConfigurationPlatforms) = preSolution
		Debug|Any CPU = Debug|Any CPU
		Release|Any CPU = Release|Any CPU
	EndGlobalSection
	GlobalSection(ProjectConfigurationPlatforms) = postSolution
		{99CDB51E-5094-4262-9B1A-C6C9682F29A3}.Debug|Any CPU.ActiveCfg = Debug|Any CPU
		{99CDB51E-5094-4262-9B1A-C6C9682F29A3}.Debug|Any CPU.Build.0 = Debug|Any CPU
		{99CDB51E-5094-4262-9B1A-C6C9682F29A3}.Release|Any CPU.ActiveCfg = Release|Any CPU
		{99CDB51E-5094-4262-9B1A-C6C9682F29A3}.Release|Any CPU.Build.0 = Release|Any CPU
		{929FAA02-5222-47DC-BA0B-229A9885B98D}.Debug|Any CPU.ActiveCfg = Debug|Any CPU
		{929FAA02-5222-47DC-BA0B-229A9885B98D}.Debug|Any CPU.Build.0 = Debug|Any CPU
		{929FAA02-5222-47DC-BA0B-229A9885B98D}.Release|Any CPU.ActiveCfg = Release|Any CPU
		{929FAA02-5222-47DC-BA0B-229A9885B98D}.Release|Any CPU.Build.0 = Release|Any CPU
		{FC662017-E51E-4704-9BBB-19B8E021C94A}.Debug|Any CPU.ActiveCfg = Debug|Any CPU
		{FC662017-E51E-4704-9BBB-19B8E021C94A}.Debug|Any CPU.Build.0 = Debug|Any CPU
		{FC662017-E51E-4704-9BBB-19B8E021C94A}.Release|Any CPU.ActiveCfg = Release|Any CPU
		{FC662017-E51E-4704-9BBB-19B8E021C94A}.Release|Any CPU.Build.0 = Release|Any CPU
		{8146A4C3-2DEF-424A-BDA8-580DF242A885}.Debug|Any CPU.ActiveCfg = Debug|Any CPU
		{8146A4C3-2DEF-424A-BDA8-580DF242A885}.Debug|Any CPU.Build.0 = Debug|Any CPU
		{8146A4C3-2DEF-424A-BDA8-580DF242A885}.Release|Any CPU.ActiveCfg = Release|Any CPU
		{8146A4C3-2DEF-424A-BDA8-580DF242A885}.Release|Any CPU.Build.0 = Release|Any CPU
		{3522483D-B975-4323-8C5B-D03248D2E8C8}.Debug|Any CPU.ActiveCfg = Debug|Any CPU
		{3522483D-B975-4323-8C5B-D03248D2E8C8}.Debug|Any CPU.Build.0 = Debug|Any CPU
		{3522483D-B975-4323-8C5B-D03248D2E8C8}.Release|Any CPU.ActiveCfg = Release|Any CPU
		{3522483D-B975-4323-8C5B-D03248D2E8C8}.Release|Any CPU.Build.0 = Release|Any CPU
		{F87A950E-3435-493A-8B10-C626E5D5A38F}.Debug|Any CPU.ActiveCfg = Debug|Any CPU
		{F87A950E-3435-493A-8B10-C626E5D5A38F}.Debug|Any CPU.Build.0 = Debug|Any CPU
		{F87A950E-3435-493A-8B10-C626E5D5A38F}.Release|Any CPU.ActiveCfg = Release|Any CPU
		{F87A950E-3435-493A-8B10-C626E5D5A38F}.Release|Any CPU.Build.0 = Release|Any CPU
		{FED297BD-CC0C-4E55-8BA2-219FBB648382}.Debug|Any CPU.ActiveCfg = Debug|Any CPU
		{FED297BD-CC0C-4E55-8BA2-219FBB648382}.Debug|Any CPU.Build.0 = Debug|Any CPU
		{FED297BD-CC0C-4E55-8BA2-219FBB648382}.Release|Any CPU.ActiveCfg = Release|Any CPU
		{FED297BD-CC0C-4E55-8BA2-219FBB648382}.Release|Any CPU.Build.0 = Release|Any CPU
		{3D1A12FC-857E-4C16-9030-5F1145827FF7}.Debug|Any CPU.ActiveCfg = Debug|Any CPU
		{3D1A12FC-857E-4C16-9030-5F1145827FF7}.Debug|Any CPU.Build.0 = Debug|Any CPU
		{3D1A12FC-857E-4C16-9030-5F1145827FF7}.Release|Any CPU.ActiveCfg = Release|Any CPU
		{3D1A12FC-857E-4C16-9030-5F1145827FF7}.Release|Any CPU.Build.0 = Release|Any CPU
		{EAA75F4D-6C11-4304-AC0B-566694B538A1}.Debug|Any CPU.ActiveCfg = Debug|Any CPU
		{EAA75F4D-6C11-4304-AC0B-566694B538A1}.Debug|Any CPU.Build.0 = Debug|Any CPU
		{EAA75F4D-6C11-4304-AC0B-566694B538A1}.Release|Any CPU.ActiveCfg = Release|Any CPU
		{EAA75F4D-6C11-4304-AC0B-566694B538A1}.Release|Any CPU.Build.0 = Release|Any CPU
		{4C99D738-7FE8-4F0A-B56C-6FDD252EF077}.Debug|Any CPU.ActiveCfg = Debug|Any CPU
		{4C99D738-7FE8-4F0A-B56C-6FDD252EF077}.Debug|Any CPU.Build.0 = Debug|Any CPU
		{4C99D738-7FE8-4F0A-B56C-6FDD252EF077}.Release|Any CPU.ActiveCfg = Release|Any CPU
		{4C99D738-7FE8-4F0A-B56C-6FDD252EF077}.Release|Any CPU.Build.0 = Release|Any CPU
		{32297F2D-1AAF-4681-8310-C1177F64357E}.Debug|Any CPU.ActiveCfg = Debug|Any CPU
		{32297F2D-1AAF-4681-8310-C1177F64357E}.Debug|Any CPU.Build.0 = Debug|Any CPU
		{32297F2D-1AAF-4681-8310-C1177F64357E}.Release|Any CPU.ActiveCfg = Release|Any CPU
		{32297F2D-1AAF-4681-8310-C1177F64357E}.Release|Any CPU.Build.0 = Release|Any CPU
		{BB58D666-DC99-491E-B254-A328FA9CA9D1}.Debug|Any CPU.ActiveCfg = Debug|Any CPU
		{BB58D666-DC99-491E-B254-A328FA9CA9D1}.Debug|Any CPU.Build.0 = Debug|Any CPU
		{BB58D666-DC99-491E-B254-A328FA9CA9D1}.Release|Any CPU.ActiveCfg = Release|Any CPU
		{BB58D666-DC99-491E-B254-A328FA9CA9D1}.Release|Any CPU.Build.0 = Release|Any CPU
		{487CC2CE-CBD1-4D34-85FF-38FEBFE9C805}.Debug|Any CPU.ActiveCfg = Debug|Any CPU
		{487CC2CE-CBD1-4D34-85FF-38FEBFE9C805}.Debug|Any CPU.Build.0 = Debug|Any CPU
		{487CC2CE-CBD1-4D34-85FF-38FEBFE9C805}.Release|Any CPU.ActiveCfg = Release|Any CPU
		{487CC2CE-CBD1-4D34-85FF-38FEBFE9C805}.Release|Any CPU.Build.0 = Release|Any CPU
		{A6FA1707-CC85-4D15-ADD3-D9D4A7BE91A3}.Debug|Any CPU.ActiveCfg = Debug|Any CPU
		{A6FA1707-CC85-4D15-ADD3-D9D4A7BE91A3}.Debug|Any CPU.Build.0 = Debug|Any CPU
		{A6FA1707-CC85-4D15-ADD3-D9D4A7BE91A3}.Release|Any CPU.ActiveCfg = Release|Any CPU
		{A6FA1707-CC85-4D15-ADD3-D9D4A7BE91A3}.Release|Any CPU.Build.0 = Release|Any CPU
	EndGlobalSection
	GlobalSection(SolutionProperties) = preSolution
		HideSolutionNode = FALSE
	EndGlobalSection
	GlobalSection(NestedProjects) = preSolution
		{3522483D-B975-4323-8C5B-D03248D2E8C8} = {0B76A01A-0714-4F9E-A419-38C3CB2CD0DF}
		{F87A950E-3435-493A-8B10-C626E5D5A38F} = {0B76A01A-0714-4F9E-A419-38C3CB2CD0DF}
		{FED297BD-CC0C-4E55-8BA2-219FBB648382} = {549767D5-4A00-4A20-AC4D-9A0F55BE4274}
		{3D1A12FC-857E-4C16-9030-5F1145827FF7} = {549767D5-4A00-4A20-AC4D-9A0F55BE4274}
		{75FB3794-95ED-4734-98BD-EAC3E769081C} = {549767D5-4A00-4A20-AC4D-9A0F55BE4274}
		{EAA75F4D-6C11-4304-AC0B-566694B538A1} = {2DE697B9-6FF7-4ACE-B03E-2F34009507C7}
		{4C99D738-7FE8-4F0A-B56C-6FDD252EF077} = {2DE697B9-6FF7-4ACE-B03E-2F34009507C7}
		{32297F2D-1AAF-4681-8310-C1177F64357E} = {2DE697B9-6FF7-4ACE-B03E-2F34009507C7}
		{BB58D666-DC99-491E-B254-A328FA9CA9D1} = {0B76A01A-0714-4F9E-A419-38C3CB2CD0DF}
		{487CC2CE-CBD1-4D34-85FF-38FEBFE9C805} = {0B76A01A-0714-4F9E-A419-38C3CB2CD0DF}
		{A6FA1707-CC85-4D15-ADD3-D9D4A7BE91A3} = {0B76A01A-0714-4F9E-A419-38C3CB2CD0DF}
	EndGlobalSection
	GlobalSection(ExtensibilityGlobals) = postSolution
		SolutionGuid = {8F1C3E1B-972F-4903-9445-6F9834624107}
	EndGlobalSection
EndGlobal
