
Microsoft Visual Studio Solution File, Format Version 12.00
# Visual Studio Version 17
VisualStudioVersion = 17.0.31912.275
MinimumVisualStudioVersion = 10.0.40219.1
Project("{9A19103F-16F7-4668-BE54-9A1E7A4F7556}") = "TeamServer", "TeamServer\TeamServer.csproj", "{99CDB51E-5094-4262-9B1A-C6C9682F29A3}"
EndProject
Project("{9A19103F-16F7-4668-BE54-9A1E7A4F7556}") = "ApiModels", "ApiModels\ApiModels.csproj", "{929FAA02-5222-47DC-BA0B-229A9885B98D}"
EndProject
Project("{FAE04EC0-301F-11D3-BF4B-00C04F79EFBC}") = "Agent", "Agent\Agent.csproj", "{FC662017-E51E-4704-9BBB-19B8E021C94A}"
EndProject
Project("{9A19103F-16F7-4668-BE54-9A1E7A4F7556}") = "Commander", "Commander\Commander.csproj", "{8146A4C3-2DEF-424A-BDA8-580DF242A885}"
EndProject
Project("{2150E333-8FDC-42A3-9474-1A3956D46DE8}") = "Tests", "Tests", "{0B76A01A-0714-4F9E-A419-38C3CB2CD0DF}"
EndProject
Project("{FAE04EC0-301F-11D3-BF4B-00C04F79EFBC}") = "TestInject", "Tests\TestInject\TestInject.csproj", "{3522483D-B975-4323-8C5B-D03248D2E8C8}"
EndProject
Project("{2150E333-8FDC-42A3-9474-1A3956D46DE8}") = "Doc", "Doc", "{8BA2B05D-B7F3-4986-860D-F5FC7192EB8D}"
	ProjectSection(SolutionItems) = preProject
		Build Launchers.txt = Build Launchers.txt
		Generate Shellcode Commands.txt = Generate Shellcode Commands.txt
		Notes.txt = Notes.txt
		reaNimator.txt = reaNimator.txt
		Todo.txt = Todo.txt
	EndProjectSection
EndProject
Project("{FAE04EC0-301F-11D3-BF4B-00C04F79EFBC}") = "TestUAC", "Tests\TestUAC\TestUAC.csproj", "{F87A950E-3435-493A-8B10-C626E5D5A38F}"
EndProject
Project("{FAE04EC0-301F-11D3-BF4B-00C04F79EFBC}") = "Dropper", "Launcher\Stager\Dropper.csproj", "{EAA75F4D-6C11-4304-AC0B-566694B538A1}"
EndProject
Project("{FAE04EC0-301F-11D3-BF4B-00C04F79EFBC}") = "Encloser", "Launcher\Encloser\Encloser.csproj", "{4C99D738-7FE8-4F0A-B56C-6FDD252EF077}"
EndProject
Project("{2150E333-8FDC-42A3-9474-1A3956D46DE8}") = "Launcher", "Launcher", "{2DE697B9-6FF7-4ACE-B03E-2F34009507C7}"
EndProject
Project("{FAE04EC0-301F-11D3-BF4B-00C04F79EFBC}") = "Stage1", "Launcher\Stage1\Stage1.csproj", "{32297F2D-1AAF-4681-8310-C1177F64357E}"
EndProject
Project("{FAE04EC0-301F-11D3-BF4B-00C04F79EFBC}") = "PipeClient", "Tests\PipeClient\PipeClient.csproj", "{BB58D666-DC99-491E-B254-A328FA9CA9D1}"
EndProject
Project("{FAE04EC0-301F-11D3-BF4B-00C04F79EFBC}") = "PipeServer", "Tests\PipeServer\PipeServer.csproj", "{487CC2CE-CBD1-4D34-85FF-38FEBFE9C805}"
EndProject
Project("{FAE04EC0-301F-11D3-BF4B-00C04F79EFBC}") = "Cryptor", "Tests\Cryptor\Cryptor.csproj", "{A6FA1707-CC85-4D15-ADD3-D9D4A7BE91A3}"
EndProject
Project("{FAE04EC0-301F-11D3-BF4B-00C04F79EFBC}") = "SocksProxy", "Tests\SocksProxy\SocksProxy.csproj", "{9507A0CA-DDF6-4FE1-829E-65849DDD4303}"
EndProject
Project("{FAE04EC0-301F-11D3-BF4B-00C04F79EFBC}") = "Token", "Tests\Token\Token.csproj", "{7C1159A7-06FD-4318-88DB-931E9C9167BC}"
EndProject
Project("{2150E333-8FDC-42A3-9474-1A3956D46DE8}") = "Payload", "Payload", "{FA393BFB-DC94-4079-9572-4CAE8179DFC9}"
EndProject
Project("{FAE04EC0-301F-11D3-BF4B-00C04F79EFBC}") = "Encoder", "Payload\ConsoleApp1\Encoder.csproj", "{14288A1F-2189-49CD-9AF7-17A85AFD0226}"
EndProject
Project("{FAE04EC0-301F-11D3-BF4B-00C04F79EFBC}") = "PatcherDll", "Payload\PatcherDll\PatcherDll.csproj", "{7AAFD253-5C15-4F26-B068-9C99B9F2BFE7}"
EndProject
Project("{9A19103F-16F7-4668-BE54-9A1E7A4F7556}") = "Common", "Common\Common.csproj", "{829244EA-980B-4D17-A018-80A44D2D1C69}"
EndProject
Project("{FAE04EC0-301F-11D3-BF4B-00C04F79EFBC}") = "Starter", "Payload\Starter\Starter.csproj", "{D9DA9480-97E6-4C38-AA74-CBDC5E817631}"
EndProject
Project("{FAE04EC0-301F-11D3-BF4B-00C04F79EFBC}") = "Service", "Payload\Service\Service.csproj", "{1CBA15D0-5F8D-44FF-B38F-2A8CEC369408}"
EndProject
Project("{2150E333-8FDC-42A3-9474-1A3956D46DE8}") = "Script", "Script", "{2AA56D46-1E75-4624-A3DB-C33CFE3049FA}"
	ProjectSection(SolutionItems) = preProject
		BuildPayloads.bat = BuildPayloads.bat
	EndProjectSection
EndProject
Project("{2150E333-8FDC-42A3-9474-1A3956D46DE8}") = "Scripts", "Scripts", "{56CFE9F9-B12F-45A1-BAC3-3D4C6E58936D}"
	ProjectSection(SolutionItems) = preProject
		Payload\Scripts\Payload = Payload\Scripts\Payload
		Payload\Scripts\payload.nim = Payload\Scripts\payload.nim
		Payload\Scripts\payload.ps1 = Payload\Scripts\payload.ps1
	EndProjectSection
EndProject
Project("{FAE04EC0-301F-11D3-BF4B-00C04F79EFBC}") = "TestInject", "Payload\TestInject\TestInject.csproj", "{18896283-B834-42AB-ABB8-47DE1DB400C2}"
EndProject
Project("{FAE04EC0-301F-11D3-BF4B-00C04F79EFBC}") = "InjectDll", "Payload\InjectDll\InjectDll.csproj", "{C314BC6C-50BA-4F70-8C38-BC0D1061B1D5}"
EndProject
Global
	GlobalSection(SolutionConfigurationPlatforms) = preSolution
		Debug|Any CPU = Debug|Any CPU
		Debug|x64 = Debug|x64
		Debug|x86 = Debug|x86
		Release|Any CPU = Release|Any CPU
		Release|x64 = Release|x64
		Release|x86 = Release|x86
		ReleaseX64|Any CPU = ReleaseX64|Any CPU
		ReleaseX64|x64 = ReleaseX64|x64
		ReleaseX64|x86 = ReleaseX64|x86
		ReleaseX86|Any CPU = ReleaseX86|Any CPU
		ReleaseX86|x64 = ReleaseX86|x64
		ReleaseX86|x86 = ReleaseX86|x86
	EndGlobalSection
	GlobalSection(ProjectConfigurationPlatforms) = postSolution
		{99CDB51E-5094-4262-9B1A-C6C9682F29A3}.Debug|Any CPU.ActiveCfg = Debug|Any CPU
		{99CDB51E-5094-4262-9B1A-C6C9682F29A3}.Debug|Any CPU.Build.0 = Debug|Any CPU
		{99CDB51E-5094-4262-9B1A-C6C9682F29A3}.Debug|x64.ActiveCfg = Debug|Any CPU
		{99CDB51E-5094-4262-9B1A-C6C9682F29A3}.Debug|x64.Build.0 = Debug|Any CPU
		{99CDB51E-5094-4262-9B1A-C6C9682F29A3}.Debug|x86.ActiveCfg = Debug|Any CPU
		{99CDB51E-5094-4262-9B1A-C6C9682F29A3}.Debug|x86.Build.0 = Debug|Any CPU
		{99CDB51E-5094-4262-9B1A-C6C9682F29A3}.Release|Any CPU.ActiveCfg = Release|Any CPU
		{99CDB51E-5094-4262-9B1A-C6C9682F29A3}.Release|Any CPU.Build.0 = Release|Any CPU
		{99CDB51E-5094-4262-9B1A-C6C9682F29A3}.Release|x64.ActiveCfg = Release|Any CPU
		{99CDB51E-5094-4262-9B1A-C6C9682F29A3}.Release|x64.Build.0 = Release|Any CPU
		{99CDB51E-5094-4262-9B1A-C6C9682F29A3}.Release|x86.ActiveCfg = Release|Any CPU
		{99CDB51E-5094-4262-9B1A-C6C9682F29A3}.Release|x86.Build.0 = Release|Any CPU
		{99CDB51E-5094-4262-9B1A-C6C9682F29A3}.ReleaseX64|Any CPU.ActiveCfg = ReleaseX64|Any CPU
		{99CDB51E-5094-4262-9B1A-C6C9682F29A3}.ReleaseX64|Any CPU.Build.0 = ReleaseX64|Any CPU
		{99CDB51E-5094-4262-9B1A-C6C9682F29A3}.ReleaseX64|x64.ActiveCfg = ReleaseX64|Any CPU
		{99CDB51E-5094-4262-9B1A-C6C9682F29A3}.ReleaseX64|x64.Build.0 = ReleaseX64|Any CPU
		{99CDB51E-5094-4262-9B1A-C6C9682F29A3}.ReleaseX64|x86.ActiveCfg = ReleaseX64|Any CPU
		{99CDB51E-5094-4262-9B1A-C6C9682F29A3}.ReleaseX64|x86.Build.0 = ReleaseX64|Any CPU
		{99CDB51E-5094-4262-9B1A-C6C9682F29A3}.ReleaseX86|Any CPU.ActiveCfg = ReleaseX86|Any CPU
		{99CDB51E-5094-4262-9B1A-C6C9682F29A3}.ReleaseX86|Any CPU.Build.0 = ReleaseX86|Any CPU
		{99CDB51E-5094-4262-9B1A-C6C9682F29A3}.ReleaseX86|x64.ActiveCfg = ReleaseX86|Any CPU
		{99CDB51E-5094-4262-9B1A-C6C9682F29A3}.ReleaseX86|x64.Build.0 = ReleaseX86|Any CPU
		{99CDB51E-5094-4262-9B1A-C6C9682F29A3}.ReleaseX86|x86.ActiveCfg = ReleaseX86|Any CPU
		{99CDB51E-5094-4262-9B1A-C6C9682F29A3}.ReleaseX86|x86.Build.0 = ReleaseX86|Any CPU
		{929FAA02-5222-47DC-BA0B-229A9885B98D}.Debug|Any CPU.ActiveCfg = Debug|Any CPU
		{929FAA02-5222-47DC-BA0B-229A9885B98D}.Debug|Any CPU.Build.0 = Debug|Any CPU
		{929FAA02-5222-47DC-BA0B-229A9885B98D}.Debug|x64.ActiveCfg = Debug|Any CPU
		{929FAA02-5222-47DC-BA0B-229A9885B98D}.Debug|x64.Build.0 = Debug|Any CPU
		{929FAA02-5222-47DC-BA0B-229A9885B98D}.Debug|x86.ActiveCfg = Debug|Any CPU
		{929FAA02-5222-47DC-BA0B-229A9885B98D}.Debug|x86.Build.0 = Debug|Any CPU
		{929FAA02-5222-47DC-BA0B-229A9885B98D}.Release|Any CPU.ActiveCfg = Release|Any CPU
		{929FAA02-5222-47DC-BA0B-229A9885B98D}.Release|Any CPU.Build.0 = Release|Any CPU
		{929FAA02-5222-47DC-BA0B-229A9885B98D}.Release|x64.ActiveCfg = Release|Any CPU
		{929FAA02-5222-47DC-BA0B-229A9885B98D}.Release|x64.Build.0 = Release|Any CPU
		{929FAA02-5222-47DC-BA0B-229A9885B98D}.Release|x86.ActiveCfg = Release|Any CPU
		{929FAA02-5222-47DC-BA0B-229A9885B98D}.Release|x86.Build.0 = Release|Any CPU
		{929FAA02-5222-47DC-BA0B-229A9885B98D}.ReleaseX64|Any CPU.ActiveCfg = ReleaseX64|Any CPU
		{929FAA02-5222-47DC-BA0B-229A9885B98D}.ReleaseX64|Any CPU.Build.0 = ReleaseX64|Any CPU
		{929FAA02-5222-47DC-BA0B-229A9885B98D}.ReleaseX64|x64.ActiveCfg = ReleaseX64|Any CPU
		{929FAA02-5222-47DC-BA0B-229A9885B98D}.ReleaseX64|x64.Build.0 = ReleaseX64|Any CPU
		{929FAA02-5222-47DC-BA0B-229A9885B98D}.ReleaseX64|x86.ActiveCfg = ReleaseX64|Any CPU
		{929FAA02-5222-47DC-BA0B-229A9885B98D}.ReleaseX64|x86.Build.0 = ReleaseX64|Any CPU
		{929FAA02-5222-47DC-BA0B-229A9885B98D}.ReleaseX86|Any CPU.ActiveCfg = ReleaseX86|Any CPU
		{929FAA02-5222-47DC-BA0B-229A9885B98D}.ReleaseX86|Any CPU.Build.0 = ReleaseX86|Any CPU
		{929FAA02-5222-47DC-BA0B-229A9885B98D}.ReleaseX86|x64.ActiveCfg = ReleaseX86|Any CPU
		{929FAA02-5222-47DC-BA0B-229A9885B98D}.ReleaseX86|x64.Build.0 = ReleaseX86|Any CPU
		{929FAA02-5222-47DC-BA0B-229A9885B98D}.ReleaseX86|x86.ActiveCfg = ReleaseX86|Any CPU
		{929FAA02-5222-47DC-BA0B-229A9885B98D}.ReleaseX86|x86.Build.0 = ReleaseX86|Any CPU
		{FC662017-E51E-4704-9BBB-19B8E021C94A}.Debug|Any CPU.ActiveCfg = Debug|Any CPU
		{FC662017-E51E-4704-9BBB-19B8E021C94A}.Debug|Any CPU.Build.0 = Debug|Any CPU
		{FC662017-E51E-4704-9BBB-19B8E021C94A}.Debug|x64.ActiveCfg = Debug|x64
		{FC662017-E51E-4704-9BBB-19B8E021C94A}.Debug|x64.Build.0 = Debug|x64
		{FC662017-E51E-4704-9BBB-19B8E021C94A}.Debug|x86.ActiveCfg = Debug|x86
		{FC662017-E51E-4704-9BBB-19B8E021C94A}.Debug|x86.Build.0 = Debug|x86
		{FC662017-E51E-4704-9BBB-19B8E021C94A}.Release|Any CPU.ActiveCfg = Release|Any CPU
		{FC662017-E51E-4704-9BBB-19B8E021C94A}.Release|Any CPU.Build.0 = Release|Any CPU
		{FC662017-E51E-4704-9BBB-19B8E021C94A}.Release|x64.ActiveCfg = Release|x64
		{FC662017-E51E-4704-9BBB-19B8E021C94A}.Release|x64.Build.0 = Release|x64
		{FC662017-E51E-4704-9BBB-19B8E021C94A}.Release|x86.ActiveCfg = Release|x86
		{FC662017-E51E-4704-9BBB-19B8E021C94A}.Release|x86.Build.0 = Release|x86
		{FC662017-E51E-4704-9BBB-19B8E021C94A}.ReleaseX64|Any CPU.ActiveCfg = ReleaseX64|Any CPU
		{FC662017-E51E-4704-9BBB-19B8E021C94A}.ReleaseX64|Any CPU.Build.0 = ReleaseX64|Any CPU
		{FC662017-E51E-4704-9BBB-19B8E021C94A}.ReleaseX64|x64.ActiveCfg = ReleaseX64|x64
		{FC662017-E51E-4704-9BBB-19B8E021C94A}.ReleaseX64|x64.Build.0 = ReleaseX64|x64
		{FC662017-E51E-4704-9BBB-19B8E021C94A}.ReleaseX64|x86.ActiveCfg = ReleaseX64|x86
		{FC662017-E51E-4704-9BBB-19B8E021C94A}.ReleaseX64|x86.Build.0 = ReleaseX64|x86
		{FC662017-E51E-4704-9BBB-19B8E021C94A}.ReleaseX86|Any CPU.ActiveCfg = ReleaseX86|Any CPU
		{FC662017-E51E-4704-9BBB-19B8E021C94A}.ReleaseX86|Any CPU.Build.0 = ReleaseX86|Any CPU
		{FC662017-E51E-4704-9BBB-19B8E021C94A}.ReleaseX86|x64.ActiveCfg = ReleaseX86|x86
		{FC662017-E51E-4704-9BBB-19B8E021C94A}.ReleaseX86|x64.Build.0 = ReleaseX86|x86
		{FC662017-E51E-4704-9BBB-19B8E021C94A}.ReleaseX86|x86.ActiveCfg = ReleaseX86|x86
		{FC662017-E51E-4704-9BBB-19B8E021C94A}.ReleaseX86|x86.Build.0 = ReleaseX86|x86
		{8146A4C3-2DEF-424A-BDA8-580DF242A885}.Debug|Any CPU.ActiveCfg = Debug|Any CPU
		{8146A4C3-2DEF-424A-BDA8-580DF242A885}.Debug|Any CPU.Build.0 = Debug|Any CPU
		{8146A4C3-2DEF-424A-BDA8-580DF242A885}.Debug|x64.ActiveCfg = Debug|Any CPU
		{8146A4C3-2DEF-424A-BDA8-580DF242A885}.Debug|x64.Build.0 = Debug|Any CPU
		{8146A4C3-2DEF-424A-BDA8-580DF242A885}.Debug|x86.ActiveCfg = Debug|Any CPU
		{8146A4C3-2DEF-424A-BDA8-580DF242A885}.Debug|x86.Build.0 = Debug|Any CPU
		{8146A4C3-2DEF-424A-BDA8-580DF242A885}.Release|Any CPU.ActiveCfg = Release|Any CPU
		{8146A4C3-2DEF-424A-BDA8-580DF242A885}.Release|Any CPU.Build.0 = Release|Any CPU
		{8146A4C3-2DEF-424A-BDA8-580DF242A885}.Release|x64.ActiveCfg = Release|Any CPU
		{8146A4C3-2DEF-424A-BDA8-580DF242A885}.Release|x64.Build.0 = Release|Any CPU
		{8146A4C3-2DEF-424A-BDA8-580DF242A885}.Release|x86.ActiveCfg = Release|Any CPU
		{8146A4C3-2DEF-424A-BDA8-580DF242A885}.Release|x86.Build.0 = Release|Any CPU
		{8146A4C3-2DEF-424A-BDA8-580DF242A885}.ReleaseX64|Any CPU.ActiveCfg = ReleaseX64|Any CPU
		{8146A4C3-2DEF-424A-BDA8-580DF242A885}.ReleaseX64|Any CPU.Build.0 = ReleaseX64|Any CPU
		{8146A4C3-2DEF-424A-BDA8-580DF242A885}.ReleaseX64|x64.ActiveCfg = ReleaseX64|Any CPU
		{8146A4C3-2DEF-424A-BDA8-580DF242A885}.ReleaseX64|x64.Build.0 = ReleaseX64|Any CPU
		{8146A4C3-2DEF-424A-BDA8-580DF242A885}.ReleaseX64|x86.ActiveCfg = ReleaseX64|Any CPU
		{8146A4C3-2DEF-424A-BDA8-580DF242A885}.ReleaseX64|x86.Build.0 = ReleaseX64|Any CPU
		{8146A4C3-2DEF-424A-BDA8-580DF242A885}.ReleaseX86|Any CPU.ActiveCfg = ReleaseX86|Any CPU
		{8146A4C3-2DEF-424A-BDA8-580DF242A885}.ReleaseX86|Any CPU.Build.0 = ReleaseX86|Any CPU
		{8146A4C3-2DEF-424A-BDA8-580DF242A885}.ReleaseX86|x64.ActiveCfg = ReleaseX86|Any CPU
		{8146A4C3-2DEF-424A-BDA8-580DF242A885}.ReleaseX86|x64.Build.0 = ReleaseX86|Any CPU
		{8146A4C3-2DEF-424A-BDA8-580DF242A885}.ReleaseX86|x86.ActiveCfg = ReleaseX86|Any CPU
		{8146A4C3-2DEF-424A-BDA8-580DF242A885}.ReleaseX86|x86.Build.0 = ReleaseX86|Any CPU
		{3522483D-B975-4323-8C5B-D03248D2E8C8}.Debug|Any CPU.ActiveCfg = Debug|Any CPU
		{3522483D-B975-4323-8C5B-D03248D2E8C8}.Debug|Any CPU.Build.0 = Debug|Any CPU
		{3522483D-B975-4323-8C5B-D03248D2E8C8}.Debug|x64.ActiveCfg = Debug|Any CPU
		{3522483D-B975-4323-8C5B-D03248D2E8C8}.Debug|x64.Build.0 = Debug|Any CPU
		{3522483D-B975-4323-8C5B-D03248D2E8C8}.Debug|x86.ActiveCfg = Debug|Any CPU
		{3522483D-B975-4323-8C5B-D03248D2E8C8}.Debug|x86.Build.0 = Debug|Any CPU
		{3522483D-B975-4323-8C5B-D03248D2E8C8}.Release|Any CPU.ActiveCfg = Release|Any CPU
		{3522483D-B975-4323-8C5B-D03248D2E8C8}.Release|Any CPU.Build.0 = Release|Any CPU
		{3522483D-B975-4323-8C5B-D03248D2E8C8}.Release|x64.ActiveCfg = Release|Any CPU
		{3522483D-B975-4323-8C5B-D03248D2E8C8}.Release|x64.Build.0 = Release|Any CPU
		{3522483D-B975-4323-8C5B-D03248D2E8C8}.Release|x86.ActiveCfg = Release|Any CPU
		{3522483D-B975-4323-8C5B-D03248D2E8C8}.Release|x86.Build.0 = Release|Any CPU
		{3522483D-B975-4323-8C5B-D03248D2E8C8}.ReleaseX64|Any CPU.ActiveCfg = ReleaseX64|Any CPU
		{3522483D-B975-4323-8C5B-D03248D2E8C8}.ReleaseX64|Any CPU.Build.0 = ReleaseX64|Any CPU
		{3522483D-B975-4323-8C5B-D03248D2E8C8}.ReleaseX64|x64.ActiveCfg = ReleaseX64|Any CPU
		{3522483D-B975-4323-8C5B-D03248D2E8C8}.ReleaseX64|x64.Build.0 = ReleaseX64|Any CPU
		{3522483D-B975-4323-8C5B-D03248D2E8C8}.ReleaseX64|x86.ActiveCfg = ReleaseX64|Any CPU
		{3522483D-B975-4323-8C5B-D03248D2E8C8}.ReleaseX64|x86.Build.0 = ReleaseX64|Any CPU
		{3522483D-B975-4323-8C5B-D03248D2E8C8}.ReleaseX86|Any CPU.ActiveCfg = ReleaseX86|Any CPU
		{3522483D-B975-4323-8C5B-D03248D2E8C8}.ReleaseX86|Any CPU.Build.0 = ReleaseX86|Any CPU
		{3522483D-B975-4323-8C5B-D03248D2E8C8}.ReleaseX86|x64.ActiveCfg = ReleaseX86|Any CPU
		{3522483D-B975-4323-8C5B-D03248D2E8C8}.ReleaseX86|x64.Build.0 = ReleaseX86|Any CPU
		{3522483D-B975-4323-8C5B-D03248D2E8C8}.ReleaseX86|x86.ActiveCfg = ReleaseX86|Any CPU
		{3522483D-B975-4323-8C5B-D03248D2E8C8}.ReleaseX86|x86.Build.0 = ReleaseX86|Any CPU
		{F87A950E-3435-493A-8B10-C626E5D5A38F}.Debug|Any CPU.ActiveCfg = Debug|Any CPU
		{F87A950E-3435-493A-8B10-C626E5D5A38F}.Debug|Any CPU.Build.0 = Debug|Any CPU
		{F87A950E-3435-493A-8B10-C626E5D5A38F}.Debug|x64.ActiveCfg = Debug|Any CPU
		{F87A950E-3435-493A-8B10-C626E5D5A38F}.Debug|x64.Build.0 = Debug|Any CPU
		{F87A950E-3435-493A-8B10-C626E5D5A38F}.Debug|x86.ActiveCfg = Debug|Any CPU
		{F87A950E-3435-493A-8B10-C626E5D5A38F}.Debug|x86.Build.0 = Debug|Any CPU
		{F87A950E-3435-493A-8B10-C626E5D5A38F}.Release|Any CPU.ActiveCfg = Release|Any CPU
		{F87A950E-3435-493A-8B10-C626E5D5A38F}.Release|Any CPU.Build.0 = Release|Any CPU
		{F87A950E-3435-493A-8B10-C626E5D5A38F}.Release|x64.ActiveCfg = Release|Any CPU
		{F87A950E-3435-493A-8B10-C626E5D5A38F}.Release|x64.Build.0 = Release|Any CPU
		{F87A950E-3435-493A-8B10-C626E5D5A38F}.Release|x86.ActiveCfg = Release|Any CPU
		{F87A950E-3435-493A-8B10-C626E5D5A38F}.Release|x86.Build.0 = Release|Any CPU
		{F87A950E-3435-493A-8B10-C626E5D5A38F}.ReleaseX64|Any CPU.ActiveCfg = ReleaseX64|Any CPU
		{F87A950E-3435-493A-8B10-C626E5D5A38F}.ReleaseX64|Any CPU.Build.0 = ReleaseX64|Any CPU
		{F87A950E-3435-493A-8B10-C626E5D5A38F}.ReleaseX64|x64.ActiveCfg = ReleaseX64|Any CPU
		{F87A950E-3435-493A-8B10-C626E5D5A38F}.ReleaseX64|x64.Build.0 = ReleaseX64|Any CPU
		{F87A950E-3435-493A-8B10-C626E5D5A38F}.ReleaseX64|x86.ActiveCfg = ReleaseX64|Any CPU
		{F87A950E-3435-493A-8B10-C626E5D5A38F}.ReleaseX64|x86.Build.0 = ReleaseX64|Any CPU
		{F87A950E-3435-493A-8B10-C626E5D5A38F}.ReleaseX86|Any CPU.ActiveCfg = ReleaseX86|Any CPU
		{F87A950E-3435-493A-8B10-C626E5D5A38F}.ReleaseX86|Any CPU.Build.0 = ReleaseX86|Any CPU
		{F87A950E-3435-493A-8B10-C626E5D5A38F}.ReleaseX86|x64.ActiveCfg = ReleaseX86|Any CPU
		{F87A950E-3435-493A-8B10-C626E5D5A38F}.ReleaseX86|x64.Build.0 = ReleaseX86|Any CPU
		{F87A950E-3435-493A-8B10-C626E5D5A38F}.ReleaseX86|x86.ActiveCfg = ReleaseX86|Any CPU
		{F87A950E-3435-493A-8B10-C626E5D5A38F}.ReleaseX86|x86.Build.0 = ReleaseX86|Any CPU
		{EAA75F4D-6C11-4304-AC0B-566694B538A1}.Debug|Any CPU.ActiveCfg = Debug|Any CPU
		{EAA75F4D-6C11-4304-AC0B-566694B538A1}.Debug|Any CPU.Build.0 = Debug|Any CPU
		{EAA75F4D-6C11-4304-AC0B-566694B538A1}.Debug|x64.ActiveCfg = Debug|Any CPU
		{EAA75F4D-6C11-4304-AC0B-566694B538A1}.Debug|x64.Build.0 = Debug|Any CPU
		{EAA75F4D-6C11-4304-AC0B-566694B538A1}.Debug|x86.ActiveCfg = Debug|Any CPU
		{EAA75F4D-6C11-4304-AC0B-566694B538A1}.Debug|x86.Build.0 = Debug|Any CPU
		{EAA75F4D-6C11-4304-AC0B-566694B538A1}.Release|Any CPU.ActiveCfg = Release|Any CPU
		{EAA75F4D-6C11-4304-AC0B-566694B538A1}.Release|Any CPU.Build.0 = Release|Any CPU
		{EAA75F4D-6C11-4304-AC0B-566694B538A1}.Release|x64.ActiveCfg = Release|Any CPU
		{EAA75F4D-6C11-4304-AC0B-566694B538A1}.Release|x64.Build.0 = Release|Any CPU
		{EAA75F4D-6C11-4304-AC0B-566694B538A1}.Release|x86.ActiveCfg = Release|Any CPU
		{EAA75F4D-6C11-4304-AC0B-566694B538A1}.Release|x86.Build.0 = Release|Any CPU
		{EAA75F4D-6C11-4304-AC0B-566694B538A1}.ReleaseX64|Any CPU.ActiveCfg = ReleaseX64|Any CPU
		{EAA75F4D-6C11-4304-AC0B-566694B538A1}.ReleaseX64|Any CPU.Build.0 = ReleaseX64|Any CPU
		{EAA75F4D-6C11-4304-AC0B-566694B538A1}.ReleaseX64|x64.ActiveCfg = ReleaseX64|Any CPU
		{EAA75F4D-6C11-4304-AC0B-566694B538A1}.ReleaseX64|x64.Build.0 = ReleaseX64|Any CPU
		{EAA75F4D-6C11-4304-AC0B-566694B538A1}.ReleaseX64|x86.ActiveCfg = ReleaseX64|Any CPU
		{EAA75F4D-6C11-4304-AC0B-566694B538A1}.ReleaseX64|x86.Build.0 = ReleaseX64|Any CPU
		{EAA75F4D-6C11-4304-AC0B-566694B538A1}.ReleaseX86|Any CPU.ActiveCfg = ReleaseX86|Any CPU
		{EAA75F4D-6C11-4304-AC0B-566694B538A1}.ReleaseX86|Any CPU.Build.0 = ReleaseX86|Any CPU
		{EAA75F4D-6C11-4304-AC0B-566694B538A1}.ReleaseX86|x64.ActiveCfg = ReleaseX86|Any CPU
		{EAA75F4D-6C11-4304-AC0B-566694B538A1}.ReleaseX86|x64.Build.0 = ReleaseX86|Any CPU
		{EAA75F4D-6C11-4304-AC0B-566694B538A1}.ReleaseX86|x86.ActiveCfg = ReleaseX86|Any CPU
		{EAA75F4D-6C11-4304-AC0B-566694B538A1}.ReleaseX86|x86.Build.0 = ReleaseX86|Any CPU
		{4C99D738-7FE8-4F0A-B56C-6FDD252EF077}.Debug|Any CPU.ActiveCfg = Debug|Any CPU
		{4C99D738-7FE8-4F0A-B56C-6FDD252EF077}.Debug|Any CPU.Build.0 = Debug|Any CPU
		{4C99D738-7FE8-4F0A-B56C-6FDD252EF077}.Debug|x64.ActiveCfg = Debug|Any CPU
		{4C99D738-7FE8-4F0A-B56C-6FDD252EF077}.Debug|x64.Build.0 = Debug|Any CPU
		{4C99D738-7FE8-4F0A-B56C-6FDD252EF077}.Debug|x86.ActiveCfg = Debug|Any CPU
		{4C99D738-7FE8-4F0A-B56C-6FDD252EF077}.Debug|x86.Build.0 = Debug|Any CPU
		{4C99D738-7FE8-4F0A-B56C-6FDD252EF077}.Release|Any CPU.ActiveCfg = Release|Any CPU
		{4C99D738-7FE8-4F0A-B56C-6FDD252EF077}.Release|Any CPU.Build.0 = Release|Any CPU
		{4C99D738-7FE8-4F0A-B56C-6FDD252EF077}.Release|x64.ActiveCfg = Release|Any CPU
		{4C99D738-7FE8-4F0A-B56C-6FDD252EF077}.Release|x64.Build.0 = Release|Any CPU
		{4C99D738-7FE8-4F0A-B56C-6FDD252EF077}.Release|x86.ActiveCfg = Release|Any CPU
		{4C99D738-7FE8-4F0A-B56C-6FDD252EF077}.Release|x86.Build.0 = Release|Any CPU
		{4C99D738-7FE8-4F0A-B56C-6FDD252EF077}.ReleaseX64|Any CPU.ActiveCfg = ReleaseX64|Any CPU
		{4C99D738-7FE8-4F0A-B56C-6FDD252EF077}.ReleaseX64|Any CPU.Build.0 = ReleaseX64|Any CPU
		{4C99D738-7FE8-4F0A-B56C-6FDD252EF077}.ReleaseX64|x64.ActiveCfg = ReleaseX64|Any CPU
		{4C99D738-7FE8-4F0A-B56C-6FDD252EF077}.ReleaseX64|x64.Build.0 = ReleaseX64|Any CPU
		{4C99D738-7FE8-4F0A-B56C-6FDD252EF077}.ReleaseX64|x86.ActiveCfg = ReleaseX64|Any CPU
		{4C99D738-7FE8-4F0A-B56C-6FDD252EF077}.ReleaseX64|x86.Build.0 = ReleaseX64|Any CPU
		{4C99D738-7FE8-4F0A-B56C-6FDD252EF077}.ReleaseX86|Any CPU.ActiveCfg = ReleaseX86|Any CPU
		{4C99D738-7FE8-4F0A-B56C-6FDD252EF077}.ReleaseX86|Any CPU.Build.0 = ReleaseX86|Any CPU
		{4C99D738-7FE8-4F0A-B56C-6FDD252EF077}.ReleaseX86|x64.ActiveCfg = ReleaseX86|Any CPU
		{4C99D738-7FE8-4F0A-B56C-6FDD252EF077}.ReleaseX86|x64.Build.0 = ReleaseX86|Any CPU
		{4C99D738-7FE8-4F0A-B56C-6FDD252EF077}.ReleaseX86|x86.ActiveCfg = ReleaseX86|Any CPU
		{4C99D738-7FE8-4F0A-B56C-6FDD252EF077}.ReleaseX86|x86.Build.0 = ReleaseX86|Any CPU
		{32297F2D-1AAF-4681-8310-C1177F64357E}.Debug|Any CPU.ActiveCfg = Debug|Any CPU
		{32297F2D-1AAF-4681-8310-C1177F64357E}.Debug|Any CPU.Build.0 = Debug|Any CPU
		{32297F2D-1AAF-4681-8310-C1177F64357E}.Debug|x64.ActiveCfg = Debug|Any CPU
		{32297F2D-1AAF-4681-8310-C1177F64357E}.Debug|x64.Build.0 = Debug|Any CPU
		{32297F2D-1AAF-4681-8310-C1177F64357E}.Debug|x86.ActiveCfg = Debug|Any CPU
		{32297F2D-1AAF-4681-8310-C1177F64357E}.Debug|x86.Build.0 = Debug|Any CPU
		{32297F2D-1AAF-4681-8310-C1177F64357E}.Release|Any CPU.ActiveCfg = Release|Any CPU
		{32297F2D-1AAF-4681-8310-C1177F64357E}.Release|Any CPU.Build.0 = Release|Any CPU
		{32297F2D-1AAF-4681-8310-C1177F64357E}.Release|x64.ActiveCfg = Release|Any CPU
		{32297F2D-1AAF-4681-8310-C1177F64357E}.Release|x64.Build.0 = Release|Any CPU
		{32297F2D-1AAF-4681-8310-C1177F64357E}.Release|x86.ActiveCfg = Release|Any CPU
		{32297F2D-1AAF-4681-8310-C1177F64357E}.Release|x86.Build.0 = Release|Any CPU
		{32297F2D-1AAF-4681-8310-C1177F64357E}.ReleaseX64|Any CPU.ActiveCfg = ReleaseX64|Any CPU
		{32297F2D-1AAF-4681-8310-C1177F64357E}.ReleaseX64|Any CPU.Build.0 = ReleaseX64|Any CPU
		{32297F2D-1AAF-4681-8310-C1177F64357E}.ReleaseX64|x64.ActiveCfg = ReleaseX64|x64
		{32297F2D-1AAF-4681-8310-C1177F64357E}.ReleaseX64|x64.Build.0 = ReleaseX64|x64
		{32297F2D-1AAF-4681-8310-C1177F64357E}.ReleaseX64|x86.ActiveCfg = ReleaseX64|Any CPU
		{32297F2D-1AAF-4681-8310-C1177F64357E}.ReleaseX64|x86.Build.0 = ReleaseX64|Any CPU
		{32297F2D-1AAF-4681-8310-C1177F64357E}.ReleaseX86|Any CPU.ActiveCfg = ReleaseX86|Any CPU
		{32297F2D-1AAF-4681-8310-C1177F64357E}.ReleaseX86|Any CPU.Build.0 = ReleaseX86|Any CPU
		{32297F2D-1AAF-4681-8310-C1177F64357E}.ReleaseX86|x64.ActiveCfg = ReleaseX86|x86
		{32297F2D-1AAF-4681-8310-C1177F64357E}.ReleaseX86|x64.Build.0 = ReleaseX86|x86
		{32297F2D-1AAF-4681-8310-C1177F64357E}.ReleaseX86|x86.ActiveCfg = ReleaseX86|Any CPU
		{32297F2D-1AAF-4681-8310-C1177F64357E}.ReleaseX86|x86.Build.0 = ReleaseX86|Any CPU
		{BB58D666-DC99-491E-B254-A328FA9CA9D1}.Debug|Any CPU.ActiveCfg = Debug|Any CPU
		{BB58D666-DC99-491E-B254-A328FA9CA9D1}.Debug|Any CPU.Build.0 = Debug|Any CPU
		{BB58D666-DC99-491E-B254-A328FA9CA9D1}.Debug|x64.ActiveCfg = Debug|Any CPU
		{BB58D666-DC99-491E-B254-A328FA9CA9D1}.Debug|x64.Build.0 = Debug|Any CPU
		{BB58D666-DC99-491E-B254-A328FA9CA9D1}.Debug|x86.ActiveCfg = Debug|Any CPU
		{BB58D666-DC99-491E-B254-A328FA9CA9D1}.Debug|x86.Build.0 = Debug|Any CPU
		{BB58D666-DC99-491E-B254-A328FA9CA9D1}.Release|Any CPU.ActiveCfg = Release|Any CPU
		{BB58D666-DC99-491E-B254-A328FA9CA9D1}.Release|Any CPU.Build.0 = Release|Any CPU
		{BB58D666-DC99-491E-B254-A328FA9CA9D1}.Release|x64.ActiveCfg = Release|Any CPU
		{BB58D666-DC99-491E-B254-A328FA9CA9D1}.Release|x64.Build.0 = Release|Any CPU
		{BB58D666-DC99-491E-B254-A328FA9CA9D1}.Release|x86.ActiveCfg = Release|Any CPU
		{BB58D666-DC99-491E-B254-A328FA9CA9D1}.Release|x86.Build.0 = Release|Any CPU
		{BB58D666-DC99-491E-B254-A328FA9CA9D1}.ReleaseX64|Any CPU.ActiveCfg = ReleaseX64|Any CPU
		{BB58D666-DC99-491E-B254-A328FA9CA9D1}.ReleaseX64|Any CPU.Build.0 = ReleaseX64|Any CPU
		{BB58D666-DC99-491E-B254-A328FA9CA9D1}.ReleaseX64|x64.ActiveCfg = ReleaseX64|Any CPU
		{BB58D666-DC99-491E-B254-A328FA9CA9D1}.ReleaseX64|x64.Build.0 = ReleaseX64|Any CPU
		{BB58D666-DC99-491E-B254-A328FA9CA9D1}.ReleaseX64|x86.ActiveCfg = ReleaseX64|Any CPU
		{BB58D666-DC99-491E-B254-A328FA9CA9D1}.ReleaseX64|x86.Build.0 = ReleaseX64|Any CPU
		{BB58D666-DC99-491E-B254-A328FA9CA9D1}.ReleaseX86|Any CPU.ActiveCfg = ReleaseX86|Any CPU
		{BB58D666-DC99-491E-B254-A328FA9CA9D1}.ReleaseX86|Any CPU.Build.0 = ReleaseX86|Any CPU
		{BB58D666-DC99-491E-B254-A328FA9CA9D1}.ReleaseX86|x64.ActiveCfg = ReleaseX86|Any CPU
		{BB58D666-DC99-491E-B254-A328FA9CA9D1}.ReleaseX86|x64.Build.0 = ReleaseX86|Any CPU
		{BB58D666-DC99-491E-B254-A328FA9CA9D1}.ReleaseX86|x86.ActiveCfg = ReleaseX86|Any CPU
		{BB58D666-DC99-491E-B254-A328FA9CA9D1}.ReleaseX86|x86.Build.0 = ReleaseX86|Any CPU
		{487CC2CE-CBD1-4D34-85FF-38FEBFE9C805}.Debug|Any CPU.ActiveCfg = Debug|Any CPU
		{487CC2CE-CBD1-4D34-85FF-38FEBFE9C805}.Debug|Any CPU.Build.0 = Debug|Any CPU
		{487CC2CE-CBD1-4D34-85FF-38FEBFE9C805}.Debug|x64.ActiveCfg = Debug|Any CPU
		{487CC2CE-CBD1-4D34-85FF-38FEBFE9C805}.Debug|x64.Build.0 = Debug|Any CPU
		{487CC2CE-CBD1-4D34-85FF-38FEBFE9C805}.Debug|x86.ActiveCfg = Debug|Any CPU
		{487CC2CE-CBD1-4D34-85FF-38FEBFE9C805}.Debug|x86.Build.0 = Debug|Any CPU
		{487CC2CE-CBD1-4D34-85FF-38FEBFE9C805}.Release|Any CPU.ActiveCfg = Release|Any CPU
		{487CC2CE-CBD1-4D34-85FF-38FEBFE9C805}.Release|Any CPU.Build.0 = Release|Any CPU
		{487CC2CE-CBD1-4D34-85FF-38FEBFE9C805}.Release|x64.ActiveCfg = Release|Any CPU
		{487CC2CE-CBD1-4D34-85FF-38FEBFE9C805}.Release|x64.Build.0 = Release|Any CPU
		{487CC2CE-CBD1-4D34-85FF-38FEBFE9C805}.Release|x86.ActiveCfg = Release|Any CPU
		{487CC2CE-CBD1-4D34-85FF-38FEBFE9C805}.Release|x86.Build.0 = Release|Any CPU
		{487CC2CE-CBD1-4D34-85FF-38FEBFE9C805}.ReleaseX64|Any CPU.ActiveCfg = ReleaseX64|Any CPU
		{487CC2CE-CBD1-4D34-85FF-38FEBFE9C805}.ReleaseX64|Any CPU.Build.0 = ReleaseX64|Any CPU
		{487CC2CE-CBD1-4D34-85FF-38FEBFE9C805}.ReleaseX64|x64.ActiveCfg = ReleaseX64|Any CPU
		{487CC2CE-CBD1-4D34-85FF-38FEBFE9C805}.ReleaseX64|x64.Build.0 = ReleaseX64|Any CPU
		{487CC2CE-CBD1-4D34-85FF-38FEBFE9C805}.ReleaseX64|x86.ActiveCfg = ReleaseX64|Any CPU
		{487CC2CE-CBD1-4D34-85FF-38FEBFE9C805}.ReleaseX64|x86.Build.0 = ReleaseX64|Any CPU
		{487CC2CE-CBD1-4D34-85FF-38FEBFE9C805}.ReleaseX86|Any CPU.ActiveCfg = ReleaseX86|Any CPU
		{487CC2CE-CBD1-4D34-85FF-38FEBFE9C805}.ReleaseX86|Any CPU.Build.0 = ReleaseX86|Any CPU
		{487CC2CE-CBD1-4D34-85FF-38FEBFE9C805}.ReleaseX86|x64.ActiveCfg = ReleaseX86|Any CPU
		{487CC2CE-CBD1-4D34-85FF-38FEBFE9C805}.ReleaseX86|x64.Build.0 = ReleaseX86|Any CPU
		{487CC2CE-CBD1-4D34-85FF-38FEBFE9C805}.ReleaseX86|x86.ActiveCfg = ReleaseX86|Any CPU
		{487CC2CE-CBD1-4D34-85FF-38FEBFE9C805}.ReleaseX86|x86.Build.0 = ReleaseX86|Any CPU
		{A6FA1707-CC85-4D15-ADD3-D9D4A7BE91A3}.Debug|Any CPU.ActiveCfg = Debug|Any CPU
		{A6FA1707-CC85-4D15-ADD3-D9D4A7BE91A3}.Debug|Any CPU.Build.0 = Debug|Any CPU
		{A6FA1707-CC85-4D15-ADD3-D9D4A7BE91A3}.Debug|x64.ActiveCfg = Debug|Any CPU
		{A6FA1707-CC85-4D15-ADD3-D9D4A7BE91A3}.Debug|x64.Build.0 = Debug|Any CPU
		{A6FA1707-CC85-4D15-ADD3-D9D4A7BE91A3}.Debug|x86.ActiveCfg = Debug|Any CPU
		{A6FA1707-CC85-4D15-ADD3-D9D4A7BE91A3}.Debug|x86.Build.0 = Debug|Any CPU
		{A6FA1707-CC85-4D15-ADD3-D9D4A7BE91A3}.Release|Any CPU.ActiveCfg = Release|Any CPU
		{A6FA1707-CC85-4D15-ADD3-D9D4A7BE91A3}.Release|Any CPU.Build.0 = Release|Any CPU
		{A6FA1707-CC85-4D15-ADD3-D9D4A7BE91A3}.Release|x64.ActiveCfg = Release|Any CPU
		{A6FA1707-CC85-4D15-ADD3-D9D4A7BE91A3}.Release|x64.Build.0 = Release|Any CPU
		{A6FA1707-CC85-4D15-ADD3-D9D4A7BE91A3}.Release|x86.ActiveCfg = Release|Any CPU
		{A6FA1707-CC85-4D15-ADD3-D9D4A7BE91A3}.Release|x86.Build.0 = Release|Any CPU
		{A6FA1707-CC85-4D15-ADD3-D9D4A7BE91A3}.ReleaseX64|Any CPU.ActiveCfg = ReleaseX64|Any CPU
		{A6FA1707-CC85-4D15-ADD3-D9D4A7BE91A3}.ReleaseX64|Any CPU.Build.0 = ReleaseX64|Any CPU
		{A6FA1707-CC85-4D15-ADD3-D9D4A7BE91A3}.ReleaseX64|x64.ActiveCfg = ReleaseX64|Any CPU
		{A6FA1707-CC85-4D15-ADD3-D9D4A7BE91A3}.ReleaseX64|x64.Build.0 = ReleaseX64|Any CPU
		{A6FA1707-CC85-4D15-ADD3-D9D4A7BE91A3}.ReleaseX64|x86.ActiveCfg = ReleaseX64|Any CPU
		{A6FA1707-CC85-4D15-ADD3-D9D4A7BE91A3}.ReleaseX64|x86.Build.0 = ReleaseX64|Any CPU
		{A6FA1707-CC85-4D15-ADD3-D9D4A7BE91A3}.ReleaseX86|Any CPU.ActiveCfg = ReleaseX86|Any CPU
		{A6FA1707-CC85-4D15-ADD3-D9D4A7BE91A3}.ReleaseX86|Any CPU.Build.0 = ReleaseX86|Any CPU
		{A6FA1707-CC85-4D15-ADD3-D9D4A7BE91A3}.ReleaseX86|x64.ActiveCfg = ReleaseX86|Any CPU
		{A6FA1707-CC85-4D15-ADD3-D9D4A7BE91A3}.ReleaseX86|x64.Build.0 = ReleaseX86|Any CPU
		{A6FA1707-CC85-4D15-ADD3-D9D4A7BE91A3}.ReleaseX86|x86.ActiveCfg = ReleaseX86|Any CPU
		{A6FA1707-CC85-4D15-ADD3-D9D4A7BE91A3}.ReleaseX86|x86.Build.0 = ReleaseX86|Any CPU
		{9507A0CA-DDF6-4FE1-829E-65849DDD4303}.Debug|Any CPU.ActiveCfg = Debug|Any CPU
		{9507A0CA-DDF6-4FE1-829E-65849DDD4303}.Debug|Any CPU.Build.0 = Debug|Any CPU
		{9507A0CA-DDF6-4FE1-829E-65849DDD4303}.Debug|x64.ActiveCfg = Debug|Any CPU
		{9507A0CA-DDF6-4FE1-829E-65849DDD4303}.Debug|x64.Build.0 = Debug|Any CPU
		{9507A0CA-DDF6-4FE1-829E-65849DDD4303}.Debug|x86.ActiveCfg = Debug|Any CPU
		{9507A0CA-DDF6-4FE1-829E-65849DDD4303}.Debug|x86.Build.0 = Debug|Any CPU
		{9507A0CA-DDF6-4FE1-829E-65849DDD4303}.Release|Any CPU.ActiveCfg = Release|Any CPU
		{9507A0CA-DDF6-4FE1-829E-65849DDD4303}.Release|Any CPU.Build.0 = Release|Any CPU
		{9507A0CA-DDF6-4FE1-829E-65849DDD4303}.Release|x64.ActiveCfg = Release|Any CPU
		{9507A0CA-DDF6-4FE1-829E-65849DDD4303}.Release|x64.Build.0 = Release|Any CPU
		{9507A0CA-DDF6-4FE1-829E-65849DDD4303}.Release|x86.ActiveCfg = Release|Any CPU
		{9507A0CA-DDF6-4FE1-829E-65849DDD4303}.Release|x86.Build.0 = Release|Any CPU
		{9507A0CA-DDF6-4FE1-829E-65849DDD4303}.ReleaseX64|Any CPU.ActiveCfg = ReleaseX64|Any CPU
		{9507A0CA-DDF6-4FE1-829E-65849DDD4303}.ReleaseX64|Any CPU.Build.0 = ReleaseX64|Any CPU
		{9507A0CA-DDF6-4FE1-829E-65849DDD4303}.ReleaseX64|x64.ActiveCfg = ReleaseX64|Any CPU
		{9507A0CA-DDF6-4FE1-829E-65849DDD4303}.ReleaseX64|x64.Build.0 = ReleaseX64|Any CPU
		{9507A0CA-DDF6-4FE1-829E-65849DDD4303}.ReleaseX64|x86.ActiveCfg = ReleaseX64|Any CPU
		{9507A0CA-DDF6-4FE1-829E-65849DDD4303}.ReleaseX64|x86.Build.0 = ReleaseX64|Any CPU
		{9507A0CA-DDF6-4FE1-829E-65849DDD4303}.ReleaseX86|Any CPU.ActiveCfg = ReleaseX86|Any CPU
		{9507A0CA-DDF6-4FE1-829E-65849DDD4303}.ReleaseX86|Any CPU.Build.0 = ReleaseX86|Any CPU
		{9507A0CA-DDF6-4FE1-829E-65849DDD4303}.ReleaseX86|x64.ActiveCfg = ReleaseX86|Any CPU
		{9507A0CA-DDF6-4FE1-829E-65849DDD4303}.ReleaseX86|x64.Build.0 = ReleaseX86|Any CPU
		{9507A0CA-DDF6-4FE1-829E-65849DDD4303}.ReleaseX86|x86.ActiveCfg = ReleaseX86|Any CPU
		{9507A0CA-DDF6-4FE1-829E-65849DDD4303}.ReleaseX86|x86.Build.0 = ReleaseX86|Any CPU
		{7C1159A7-06FD-4318-88DB-931E9C9167BC}.Debug|Any CPU.ActiveCfg = Debug|Any CPU
		{7C1159A7-06FD-4318-88DB-931E9C9167BC}.Debug|Any CPU.Build.0 = Debug|Any CPU
		{7C1159A7-06FD-4318-88DB-931E9C9167BC}.Debug|x64.ActiveCfg = Debug|Any CPU
		{7C1159A7-06FD-4318-88DB-931E9C9167BC}.Debug|x64.Build.0 = Debug|Any CPU
		{7C1159A7-06FD-4318-88DB-931E9C9167BC}.Debug|x86.ActiveCfg = Debug|Any CPU
		{7C1159A7-06FD-4318-88DB-931E9C9167BC}.Debug|x86.Build.0 = Debug|Any CPU
		{7C1159A7-06FD-4318-88DB-931E9C9167BC}.Release|Any CPU.ActiveCfg = Release|Any CPU
		{7C1159A7-06FD-4318-88DB-931E9C9167BC}.Release|Any CPU.Build.0 = Release|Any CPU
		{7C1159A7-06FD-4318-88DB-931E9C9167BC}.Release|x64.ActiveCfg = Release|Any CPU
		{7C1159A7-06FD-4318-88DB-931E9C9167BC}.Release|x64.Build.0 = Release|Any CPU
		{7C1159A7-06FD-4318-88DB-931E9C9167BC}.Release|x86.ActiveCfg = Release|Any CPU
		{7C1159A7-06FD-4318-88DB-931E9C9167BC}.Release|x86.Build.0 = Release|Any CPU
		{7C1159A7-06FD-4318-88DB-931E9C9167BC}.ReleaseX64|Any CPU.ActiveCfg = Release|Any CPU
		{7C1159A7-06FD-4318-88DB-931E9C9167BC}.ReleaseX64|Any CPU.Build.0 = Release|Any CPU
		{7C1159A7-06FD-4318-88DB-931E9C9167BC}.ReleaseX64|x64.ActiveCfg = Release|Any CPU
		{7C1159A7-06FD-4318-88DB-931E9C9167BC}.ReleaseX64|x64.Build.0 = Release|Any CPU
		{7C1159A7-06FD-4318-88DB-931E9C9167BC}.ReleaseX64|x86.ActiveCfg = Release|Any CPU
		{7C1159A7-06FD-4318-88DB-931E9C9167BC}.ReleaseX64|x86.Build.0 = Release|Any CPU
		{7C1159A7-06FD-4318-88DB-931E9C9167BC}.ReleaseX86|Any CPU.ActiveCfg = Release|Any CPU
		{7C1159A7-06FD-4318-88DB-931E9C9167BC}.ReleaseX86|Any CPU.Build.0 = Release|Any CPU
		{7C1159A7-06FD-4318-88DB-931E9C9167BC}.ReleaseX86|x64.ActiveCfg = Release|Any CPU
		{7C1159A7-06FD-4318-88DB-931E9C9167BC}.ReleaseX86|x64.Build.0 = Release|Any CPU
		{7C1159A7-06FD-4318-88DB-931E9C9167BC}.ReleaseX86|x86.ActiveCfg = Release|Any CPU
		{7C1159A7-06FD-4318-88DB-931E9C9167BC}.ReleaseX86|x86.Build.0 = Release|Any CPU
		{14288A1F-2189-49CD-9AF7-17A85AFD0226}.Debug|Any CPU.ActiveCfg = Debug|Any CPU
		{14288A1F-2189-49CD-9AF7-17A85AFD0226}.Debug|Any CPU.Build.0 = Debug|Any CPU
		{14288A1F-2189-49CD-9AF7-17A85AFD0226}.Debug|x64.ActiveCfg = Debug|Any CPU
		{14288A1F-2189-49CD-9AF7-17A85AFD0226}.Debug|x64.Build.0 = Debug|Any CPU
		{14288A1F-2189-49CD-9AF7-17A85AFD0226}.Debug|x86.ActiveCfg = Debug|Any CPU
		{14288A1F-2189-49CD-9AF7-17A85AFD0226}.Debug|x86.Build.0 = Debug|Any CPU
		{14288A1F-2189-49CD-9AF7-17A85AFD0226}.Release|Any CPU.ActiveCfg = Release|Any CPU
		{14288A1F-2189-49CD-9AF7-17A85AFD0226}.Release|Any CPU.Build.0 = Release|Any CPU
		{14288A1F-2189-49CD-9AF7-17A85AFD0226}.Release|x64.ActiveCfg = Release|Any CPU
		{14288A1F-2189-49CD-9AF7-17A85AFD0226}.Release|x64.Build.0 = Release|Any CPU
		{14288A1F-2189-49CD-9AF7-17A85AFD0226}.Release|x86.ActiveCfg = Release|Any CPU
		{14288A1F-2189-49CD-9AF7-17A85AFD0226}.Release|x86.Build.0 = Release|Any CPU
		{14288A1F-2189-49CD-9AF7-17A85AFD0226}.ReleaseX64|Any CPU.ActiveCfg = Release|Any CPU
		{14288A1F-2189-49CD-9AF7-17A85AFD0226}.ReleaseX64|Any CPU.Build.0 = Release|Any CPU
		{14288A1F-2189-49CD-9AF7-17A85AFD0226}.ReleaseX64|x64.ActiveCfg = Release|Any CPU
		{14288A1F-2189-49CD-9AF7-17A85AFD0226}.ReleaseX64|x64.Build.0 = Release|Any CPU
		{14288A1F-2189-49CD-9AF7-17A85AFD0226}.ReleaseX64|x86.ActiveCfg = Release|Any CPU
		{14288A1F-2189-49CD-9AF7-17A85AFD0226}.ReleaseX64|x86.Build.0 = Release|Any CPU
		{14288A1F-2189-49CD-9AF7-17A85AFD0226}.ReleaseX86|Any CPU.ActiveCfg = Release|Any CPU
		{14288A1F-2189-49CD-9AF7-17A85AFD0226}.ReleaseX86|Any CPU.Build.0 = Release|Any CPU
		{14288A1F-2189-49CD-9AF7-17A85AFD0226}.ReleaseX86|x64.ActiveCfg = Release|Any CPU
		{14288A1F-2189-49CD-9AF7-17A85AFD0226}.ReleaseX86|x64.Build.0 = Release|Any CPU
		{14288A1F-2189-49CD-9AF7-17A85AFD0226}.ReleaseX86|x86.ActiveCfg = Release|Any CPU
		{14288A1F-2189-49CD-9AF7-17A85AFD0226}.ReleaseX86|x86.Build.0 = Release|Any CPU
		{7AAFD253-5C15-4F26-B068-9C99B9F2BFE7}.Debug|Any CPU.ActiveCfg = Debug|Any CPU
		{7AAFD253-5C15-4F26-B068-9C99B9F2BFE7}.Debug|Any CPU.Build.0 = Debug|Any CPU
		{7AAFD253-5C15-4F26-B068-9C99B9F2BFE7}.Debug|x64.ActiveCfg = Debug|Any CPU
		{7AAFD253-5C15-4F26-B068-9C99B9F2BFE7}.Debug|x64.Build.0 = Debug|Any CPU
		{7AAFD253-5C15-4F26-B068-9C99B9F2BFE7}.Debug|x86.ActiveCfg = Debug|Any CPU
		{7AAFD253-5C15-4F26-B068-9C99B9F2BFE7}.Debug|x86.Build.0 = Debug|Any CPU
		{7AAFD253-5C15-4F26-B068-9C99B9F2BFE7}.Release|Any CPU.ActiveCfg = Release|Any CPU
		{7AAFD253-5C15-4F26-B068-9C99B9F2BFE7}.Release|Any CPU.Build.0 = Release|Any CPU
		{7AAFD253-5C15-4F26-B068-9C99B9F2BFE7}.Release|x64.ActiveCfg = Release|Any CPU
		{7AAFD253-5C15-4F26-B068-9C99B9F2BFE7}.Release|x64.Build.0 = Release|Any CPU
		{7AAFD253-5C15-4F26-B068-9C99B9F2BFE7}.Release|x86.ActiveCfg = Release|Any CPU
		{7AAFD253-5C15-4F26-B068-9C99B9F2BFE7}.Release|x86.Build.0 = Release|Any CPU
		{7AAFD253-5C15-4F26-B068-9C99B9F2BFE7}.ReleaseX64|Any CPU.ActiveCfg = ReleaseX64|Any CPU
		{7AAFD253-5C15-4F26-B068-9C99B9F2BFE7}.ReleaseX64|Any CPU.Build.0 = ReleaseX64|Any CPU
		{7AAFD253-5C15-4F26-B068-9C99B9F2BFE7}.ReleaseX64|x64.ActiveCfg = Release|Any CPU
		{7AAFD253-5C15-4F26-B068-9C99B9F2BFE7}.ReleaseX64|x64.Build.0 = Release|Any CPU
		{7AAFD253-5C15-4F26-B068-9C99B9F2BFE7}.ReleaseX64|x86.ActiveCfg = Release|Any CPU
		{7AAFD253-5C15-4F26-B068-9C99B9F2BFE7}.ReleaseX64|x86.Build.0 = Release|Any CPU
		{7AAFD253-5C15-4F26-B068-9C99B9F2BFE7}.ReleaseX86|Any CPU.ActiveCfg = ReleaseX86|Any CPU
		{7AAFD253-5C15-4F26-B068-9C99B9F2BFE7}.ReleaseX86|x64.ActiveCfg = Release|Any CPU
		{7AAFD253-5C15-4F26-B068-9C99B9F2BFE7}.ReleaseX86|x64.Build.0 = Release|Any CPU
		{7AAFD253-5C15-4F26-B068-9C99B9F2BFE7}.ReleaseX86|x86.ActiveCfg = Release|Any CPU
		{7AAFD253-5C15-4F26-B068-9C99B9F2BFE7}.ReleaseX86|x86.Build.0 = Release|Any CPU
		{829244EA-980B-4D17-A018-80A44D2D1C69}.Debug|Any CPU.ActiveCfg = Debug|Any CPU
		{829244EA-980B-4D17-A018-80A44D2D1C69}.Debug|Any CPU.Build.0 = Debug|Any CPU
		{829244EA-980B-4D17-A018-80A44D2D1C69}.Debug|x64.ActiveCfg = Debug|Any CPU
		{829244EA-980B-4D17-A018-80A44D2D1C69}.Debug|x64.Build.0 = Debug|Any CPU
		{829244EA-980B-4D17-A018-80A44D2D1C69}.Debug|x86.ActiveCfg = Debug|Any CPU
		{829244EA-980B-4D17-A018-80A44D2D1C69}.Debug|x86.Build.0 = Debug|Any CPU
		{829244EA-980B-4D17-A018-80A44D2D1C69}.Release|Any CPU.ActiveCfg = Release|Any CPU
		{829244EA-980B-4D17-A018-80A44D2D1C69}.Release|Any CPU.Build.0 = Release|Any CPU
		{829244EA-980B-4D17-A018-80A44D2D1C69}.Release|x64.ActiveCfg = Release|Any CPU
		{829244EA-980B-4D17-A018-80A44D2D1C69}.Release|x64.Build.0 = Release|Any CPU
		{829244EA-980B-4D17-A018-80A44D2D1C69}.Release|x86.ActiveCfg = Release|Any CPU
		{829244EA-980B-4D17-A018-80A44D2D1C69}.Release|x86.Build.0 = Release|Any CPU
		{829244EA-980B-4D17-A018-80A44D2D1C69}.ReleaseX64|Any CPU.ActiveCfg = Release|Any CPU
		{829244EA-980B-4D17-A018-80A44D2D1C69}.ReleaseX64|Any CPU.Build.0 = Release|Any CPU
		{829244EA-980B-4D17-A018-80A44D2D1C69}.ReleaseX64|x64.ActiveCfg = Release|Any CPU
		{829244EA-980B-4D17-A018-80A44D2D1C69}.ReleaseX64|x64.Build.0 = Release|Any CPU
		{829244EA-980B-4D17-A018-80A44D2D1C69}.ReleaseX64|x86.ActiveCfg = Release|Any CPU
		{829244EA-980B-4D17-A018-80A44D2D1C69}.ReleaseX64|x86.Build.0 = Release|Any CPU
		{829244EA-980B-4D17-A018-80A44D2D1C69}.ReleaseX86|Any CPU.ActiveCfg = Release|Any CPU
		{829244EA-980B-4D17-A018-80A44D2D1C69}.ReleaseX86|Any CPU.Build.0 = Release|Any CPU
		{829244EA-980B-4D17-A018-80A44D2D1C69}.ReleaseX86|x64.ActiveCfg = Release|Any CPU
		{829244EA-980B-4D17-A018-80A44D2D1C69}.ReleaseX86|x64.Build.0 = Release|Any CPU
		{829244EA-980B-4D17-A018-80A44D2D1C69}.ReleaseX86|x86.ActiveCfg = Release|Any CPU
		{829244EA-980B-4D17-A018-80A44D2D1C69}.ReleaseX86|x86.Build.0 = Release|Any CPU
		{D9DA9480-97E6-4C38-AA74-CBDC5E817631}.Debug|Any CPU.ActiveCfg = Debug|Any CPU
		{D9DA9480-97E6-4C38-AA74-CBDC5E817631}.Debug|Any CPU.Build.0 = Debug|Any CPU
		{D9DA9480-97E6-4C38-AA74-CBDC5E817631}.Debug|x64.ActiveCfg = Debug|Any CPU
		{D9DA9480-97E6-4C38-AA74-CBDC5E817631}.Debug|x64.Build.0 = Debug|Any CPU
		{D9DA9480-97E6-4C38-AA74-CBDC5E817631}.Debug|x86.ActiveCfg = Debug|Any CPU
		{D9DA9480-97E6-4C38-AA74-CBDC5E817631}.Debug|x86.Build.0 = Debug|Any CPU
		{D9DA9480-97E6-4C38-AA74-CBDC5E817631}.Release|Any CPU.ActiveCfg = Release|Any CPU
		{D9DA9480-97E6-4C38-AA74-CBDC5E817631}.Release|Any CPU.Build.0 = Release|Any CPU
		{D9DA9480-97E6-4C38-AA74-CBDC5E817631}.Release|x64.ActiveCfg = Release|Any CPU
		{D9DA9480-97E6-4C38-AA74-CBDC5E817631}.Release|x64.Build.0 = Release|Any CPU
		{D9DA9480-97E6-4C38-AA74-CBDC5E817631}.Release|x86.ActiveCfg = Release|Any CPU
		{D9DA9480-97E6-4C38-AA74-CBDC5E817631}.Release|x86.Build.0 = Release|Any CPU
		{D9DA9480-97E6-4C38-AA74-CBDC5E817631}.ReleaseX64|Any CPU.ActiveCfg = ReleaseX64|Any CPU
		{D9DA9480-97E6-4C38-AA74-CBDC5E817631}.ReleaseX64|Any CPU.Build.0 = ReleaseX64|Any CPU
		{D9DA9480-97E6-4C38-AA74-CBDC5E817631}.ReleaseX64|x64.ActiveCfg = Release|Any CPU
		{D9DA9480-97E6-4C38-AA74-CBDC5E817631}.ReleaseX64|x64.Build.0 = Release|Any CPU
		{D9DA9480-97E6-4C38-AA74-CBDC5E817631}.ReleaseX64|x86.ActiveCfg = Release|Any CPU
		{D9DA9480-97E6-4C38-AA74-CBDC5E817631}.ReleaseX64|x86.Build.0 = Release|Any CPU
		{D9DA9480-97E6-4C38-AA74-CBDC5E817631}.ReleaseX86|Any CPU.ActiveCfg = ReleaseX86|Any CPU
		{D9DA9480-97E6-4C38-AA74-CBDC5E817631}.ReleaseX86|x64.ActiveCfg = Release|Any CPU
		{D9DA9480-97E6-4C38-AA74-CBDC5E817631}.ReleaseX86|x64.Build.0 = Release|Any CPU
		{D9DA9480-97E6-4C38-AA74-CBDC5E817631}.ReleaseX86|x86.ActiveCfg = Release|Any CPU
		{D9DA9480-97E6-4C38-AA74-CBDC5E817631}.ReleaseX86|x86.Build.0 = Release|Any CPU
		{1CBA15D0-5F8D-44FF-B38F-2A8CEC369408}.Debug|Any CPU.ActiveCfg = Debug|Any CPU
		{1CBA15D0-5F8D-44FF-B38F-2A8CEC369408}.Debug|Any CPU.Build.0 = Debug|Any CPU
		{1CBA15D0-5F8D-44FF-B38F-2A8CEC369408}.Debug|x64.ActiveCfg = Debug|Any CPU
		{1CBA15D0-5F8D-44FF-B38F-2A8CEC369408}.Debug|x64.Build.0 = Debug|Any CPU
		{1CBA15D0-5F8D-44FF-B38F-2A8CEC369408}.Debug|x86.ActiveCfg = Debug|Any CPU
		{1CBA15D0-5F8D-44FF-B38F-2A8CEC369408}.Debug|x86.Build.0 = Debug|Any CPU
		{1CBA15D0-5F8D-44FF-B38F-2A8CEC369408}.Release|Any CPU.ActiveCfg = Release|Any CPU
		{1CBA15D0-5F8D-44FF-B38F-2A8CEC369408}.Release|Any CPU.Build.0 = Release|Any CPU
		{1CBA15D0-5F8D-44FF-B38F-2A8CEC369408}.Release|x64.ActiveCfg = Release|Any CPU
		{1CBA15D0-5F8D-44FF-B38F-2A8CEC369408}.Release|x64.Build.0 = Release|Any CPU
		{1CBA15D0-5F8D-44FF-B38F-2A8CEC369408}.Release|x86.ActiveCfg = Release|Any CPU
		{1CBA15D0-5F8D-44FF-B38F-2A8CEC369408}.Release|x86.Build.0 = Release|Any CPU
		{1CBA15D0-5F8D-44FF-B38F-2A8CEC369408}.ReleaseX64|Any CPU.ActiveCfg = ReleaseX64|Any CPU
		{1CBA15D0-5F8D-44FF-B38F-2A8CEC369408}.ReleaseX64|Any CPU.Build.0 = ReleaseX64|Any CPU
		{1CBA15D0-5F8D-44FF-B38F-2A8CEC369408}.ReleaseX64|x64.ActiveCfg = Release|Any CPU
		{1CBA15D0-5F8D-44FF-B38F-2A8CEC369408}.ReleaseX64|x64.Build.0 = Release|Any CPU
		{1CBA15D0-5F8D-44FF-B38F-2A8CEC369408}.ReleaseX64|x86.ActiveCfg = Release|Any CPU
		{1CBA15D0-5F8D-44FF-B38F-2A8CEC369408}.ReleaseX64|x86.Build.0 = Release|Any CPU
		{1CBA15D0-5F8D-44FF-B38F-2A8CEC369408}.ReleaseX86|Any CPU.ActiveCfg = ReleaseX86|Any CPU
		{1CBA15D0-5F8D-44FF-B38F-2A8CEC369408}.ReleaseX86|x64.ActiveCfg = Release|Any CPU
		{1CBA15D0-5F8D-44FF-B38F-2A8CEC369408}.ReleaseX86|x64.Build.0 = Release|Any CPU
		{1CBA15D0-5F8D-44FF-B38F-2A8CEC369408}.ReleaseX86|x86.ActiveCfg = Release|Any CPU
		{1CBA15D0-5F8D-44FF-B38F-2A8CEC369408}.ReleaseX86|x86.Build.0 = Release|Any CPU
		{18896283-B834-42AB-ABB8-47DE1DB400C2}.Debug|Any CPU.ActiveCfg = Debug|Any CPU
		{18896283-B834-42AB-ABB8-47DE1DB400C2}.Debug|Any CPU.Build.0 = Debug|Any CPU
		{18896283-B834-42AB-ABB8-47DE1DB400C2}.Debug|x64.ActiveCfg = Debug|Any CPU
		{18896283-B834-42AB-ABB8-47DE1DB400C2}.Debug|x64.Build.0 = Debug|Any CPU
		{18896283-B834-42AB-ABB8-47DE1DB400C2}.Debug|x86.ActiveCfg = Debug|Any CPU
		{18896283-B834-42AB-ABB8-47DE1DB400C2}.Debug|x86.Build.0 = Debug|Any CPU
		{18896283-B834-42AB-ABB8-47DE1DB400C2}.Release|Any CPU.ActiveCfg = Release|Any CPU
		{18896283-B834-42AB-ABB8-47DE1DB400C2}.Release|Any CPU.Build.0 = Release|Any CPU
		{18896283-B834-42AB-ABB8-47DE1DB400C2}.Release|x64.ActiveCfg = Release|Any CPU
		{18896283-B834-42AB-ABB8-47DE1DB400C2}.Release|x64.Build.0 = Release|Any CPU
		{18896283-B834-42AB-ABB8-47DE1DB400C2}.Release|x86.ActiveCfg = Release|Any CPU
		{18896283-B834-42AB-ABB8-47DE1DB400C2}.Release|x86.Build.0 = Release|Any CPU
		{18896283-B834-42AB-ABB8-47DE1DB400C2}.ReleaseX64|Any CPU.ActiveCfg = Release|Any CPU
		{18896283-B834-42AB-ABB8-47DE1DB400C2}.ReleaseX64|Any CPU.Build.0 = Release|Any CPU
		{18896283-B834-42AB-ABB8-47DE1DB400C2}.ReleaseX64|x64.ActiveCfg = Release|Any CPU
		{18896283-B834-42AB-ABB8-47DE1DB400C2}.ReleaseX64|x64.Build.0 = Release|Any CPU
		{18896283-B834-42AB-ABB8-47DE1DB400C2}.ReleaseX64|x86.ActiveCfg = Release|Any CPU
		{18896283-B834-42AB-ABB8-47DE1DB400C2}.ReleaseX64|x86.Build.0 = Release|Any CPU
		{18896283-B834-42AB-ABB8-47DE1DB400C2}.ReleaseX86|Any CPU.ActiveCfg = Release|Any CPU
		{18896283-B834-42AB-ABB8-47DE1DB400C2}.ReleaseX86|Any CPU.Build.0 = Release|Any CPU
		{18896283-B834-42AB-ABB8-47DE1DB400C2}.ReleaseX86|x64.ActiveCfg = Release|Any CPU
		{18896283-B834-42AB-ABB8-47DE1DB400C2}.ReleaseX86|x64.Build.0 = Release|Any CPU
		{18896283-B834-42AB-ABB8-47DE1DB400C2}.ReleaseX86|x86.ActiveCfg = Release|Any CPU
		{18896283-B834-42AB-ABB8-47DE1DB400C2}.ReleaseX86|x86.Build.0 = Release|Any CPU
		{C314BC6C-50BA-4F70-8C38-BC0D1061B1D5}.Debug|Any CPU.ActiveCfg = Debug|Any CPU
		{C314BC6C-50BA-4F70-8C38-BC0D1061B1D5}.Debug|Any CPU.Build.0 = Debug|Any CPU
		{C314BC6C-50BA-4F70-8C38-BC0D1061B1D5}.Debug|x64.ActiveCfg = Debug|Any CPU
		{C314BC6C-50BA-4F70-8C38-BC0D1061B1D5}.Debug|x64.Build.0 = Debug|Any CPU
		{C314BC6C-50BA-4F70-8C38-BC0D1061B1D5}.Debug|x86.ActiveCfg = Debug|Any CPU
		{C314BC6C-50BA-4F70-8C38-BC0D1061B1D5}.Debug|x86.Build.0 = Debug|Any CPU
		{C314BC6C-50BA-4F70-8C38-BC0D1061B1D5}.Release|Any CPU.ActiveCfg = Release|Any CPU
		{C314BC6C-50BA-4F70-8C38-BC0D1061B1D5}.Release|Any CPU.Build.0 = Release|Any CPU
		{C314BC6C-50BA-4F70-8C38-BC0D1061B1D5}.Release|x64.ActiveCfg = Release|Any CPU
		{C314BC6C-50BA-4F70-8C38-BC0D1061B1D5}.Release|x64.Build.0 = Release|Any CPU
		{C314BC6C-50BA-4F70-8C38-BC0D1061B1D5}.Release|x86.ActiveCfg = Release|Any CPU
		{C314BC6C-50BA-4F70-8C38-BC0D1061B1D5}.Release|x86.Build.0 = Release|Any CPU
		{C314BC6C-50BA-4F70-8C38-BC0D1061B1D5}.ReleaseX64|Any CPU.ActiveCfg = ReleaseX64|Any CPU
		{C314BC6C-50BA-4F70-8C38-BC0D1061B1D5}.ReleaseX64|x64.ActiveCfg = Release|Any CPU
		{C314BC6C-50BA-4F70-8C38-BC0D1061B1D5}.ReleaseX64|x64.Build.0 = Release|Any CPU
		{C314BC6C-50BA-4F70-8C38-BC0D1061B1D5}.ReleaseX64|x86.ActiveCfg = Release|Any CPU
		{C314BC6C-50BA-4F70-8C38-BC0D1061B1D5}.ReleaseX64|x86.Build.0 = Release|Any CPU
		{C314BC6C-50BA-4F70-8C38-BC0D1061B1D5}.ReleaseX86|Any CPU.ActiveCfg = ReleaseX86|Any CPU
		{C314BC6C-50BA-4F70-8C38-BC0D1061B1D5}.ReleaseX86|Any CPU.Build.0 = ReleaseX86|Any CPU
		{C314BC6C-50BA-4F70-8C38-BC0D1061B1D5}.ReleaseX86|x64.ActiveCfg = Release|Any CPU
		{C314BC6C-50BA-4F70-8C38-BC0D1061B1D5}.ReleaseX86|x64.Build.0 = Release|Any CPU
		{C314BC6C-50BA-4F70-8C38-BC0D1061B1D5}.ReleaseX86|x86.ActiveCfg = Release|Any CPU
		{C314BC6C-50BA-4F70-8C38-BC0D1061B1D5}.ReleaseX86|x86.Build.0 = Release|Any CPU
	EndGlobalSection
	GlobalSection(SolutionProperties) = preSolution
		HideSolutionNode = FALSE
	EndGlobalSection
	GlobalSection(NestedProjects) = preSolution
		{3522483D-B975-4323-8C5B-D03248D2E8C8} = {0B76A01A-0714-4F9E-A419-38C3CB2CD0DF}
		{F87A950E-3435-493A-8B10-C626E5D5A38F} = {0B76A01A-0714-4F9E-A419-38C3CB2CD0DF}
		{EAA75F4D-6C11-4304-AC0B-566694B538A1} = {2DE697B9-6FF7-4ACE-B03E-2F34009507C7}
		{4C99D738-7FE8-4F0A-B56C-6FDD252EF077} = {2DE697B9-6FF7-4ACE-B03E-2F34009507C7}
		{2DE697B9-6FF7-4ACE-B03E-2F34009507C7} = {0B76A01A-0714-4F9E-A419-38C3CB2CD0DF}
		{32297F2D-1AAF-4681-8310-C1177F64357E} = {2DE697B9-6FF7-4ACE-B03E-2F34009507C7}
		{BB58D666-DC99-491E-B254-A328FA9CA9D1} = {0B76A01A-0714-4F9E-A419-38C3CB2CD0DF}
		{487CC2CE-CBD1-4D34-85FF-38FEBFE9C805} = {0B76A01A-0714-4F9E-A419-38C3CB2CD0DF}
		{A6FA1707-CC85-4D15-ADD3-D9D4A7BE91A3} = {0B76A01A-0714-4F9E-A419-38C3CB2CD0DF}
		{9507A0CA-DDF6-4FE1-829E-65849DDD4303} = {0B76A01A-0714-4F9E-A419-38C3CB2CD0DF}
		{7C1159A7-06FD-4318-88DB-931E9C9167BC} = {0B76A01A-0714-4F9E-A419-38C3CB2CD0DF}
		{14288A1F-2189-49CD-9AF7-17A85AFD0226} = {FA393BFB-DC94-4079-9572-4CAE8179DFC9}
		{7AAFD253-5C15-4F26-B068-9C99B9F2BFE7} = {FA393BFB-DC94-4079-9572-4CAE8179DFC9}
		{D9DA9480-97E6-4C38-AA74-CBDC5E817631} = {FA393BFB-DC94-4079-9572-4CAE8179DFC9}
		{1CBA15D0-5F8D-44FF-B38F-2A8CEC369408} = {FA393BFB-DC94-4079-9572-4CAE8179DFC9}
		{56CFE9F9-B12F-45A1-BAC3-3D4C6E58936D} = {FA393BFB-DC94-4079-9572-4CAE8179DFC9}
		{18896283-B834-42AB-ABB8-47DE1DB400C2} = {FA393BFB-DC94-4079-9572-4CAE8179DFC9}
		{C314BC6C-50BA-4F70-8C38-BC0D1061B1D5} = {FA393BFB-DC94-4079-9572-4CAE8179DFC9}
	EndGlobalSection
	GlobalSection(ExtensibilityGlobals) = postSolution
		SolutionGuid = {8F1C3E1B-972F-4903-9445-6F9834624107}
	EndGlobalSection
EndGlobal
