
Microsoft Visual Studio Solution File, Format Version 12.00
# Visual Studio Version 17
VisualStudioVersion = 17.0.31912.275
MinimumVisualStudioVersion = 10.0.40219.1
Project("{9A19103F-16F7-4668-BE54-9A1E7A4F7556}") = "TeamServer", "TeamServer\TeamServer.csproj", "{99CDB51E-5094-4262-9B1A-C6C9682F29A3}"
EndProject
Project("{FAE04EC0-301F-11D3-BF4B-00C04F79EFBC}") = "Agent", "Agent\Agent.csproj", "{FC662017-E51E-4704-9BBB-19B8E021C94A}"
EndProject
Project("{9A19103F-16F7-4668-BE54-9A1E7A4F7556}") = "Commander", "Commander\Commander.csproj", "{8146A4C3-2DEF-424A-BDA8-580DF242A885}"
EndProject
Project("{2150E333-8FDC-42A3-9474-1A3956D46DE8}") = "Tests", "Tests", "{0B76A01A-0714-4F9E-A419-38C3CB2CD0DF}"
EndProject
Project("{2150E333-8FDC-42A3-9474-1A3956D46DE8}") = "Doc", "Doc", "{8BA2B05D-B7F3-4986-860D-F5FC7192EB8D}"
	ProjectSection(SolutionItems) = preProject
		Notes.txt = Notes.txt
		Todo.txt = Todo.txt
		Usefull Commands.txt = Usefull Commands.txt
	EndProjectSection
EndProject
Project("{2150E333-8FDC-42A3-9474-1A3956D46DE8}") = "Payload", "Payload", "{FA393BFB-DC94-4079-9572-4CAE8179DFC9}"
	ProjectSection(SolutionItems) = preProject
		BuildPayloadElements.bat = BuildPayloadElements.bat
	EndProjectSection
EndProject
Project("{FAE04EC0-301F-11D3-BF4B-00C04F79EFBC}") = "PatcherDll", "Payload\PatcherDll\PatcherDll.csproj", "{7AAFD253-5C15-4F26-B068-9C99B9F2BFE7}"
EndProject
Project("{9A19103F-16F7-4668-BE54-9A1E7A4F7556}") = "Common", "Common\Common.csproj", "{829244EA-980B-4D17-A018-80A44D2D1C69}"
EndProject
Project("{FAE04EC0-301F-11D3-BF4B-00C04F79EFBC}") = "Starter", "Payload\Starter\Starter.csproj", "{D9DA9480-97E6-4C38-AA74-CBDC5E817631}"
EndProject
Project("{FAE04EC0-301F-11D3-BF4B-00C04F79EFBC}") = "Service", "Payload\Service\Service.csproj", "{1CBA15D0-5F8D-44FF-B38F-2A8CEC369408}"
EndProject
Project("{2150E333-8FDC-42A3-9474-1A3956D46DE8}") = "Scripts", "Scripts", "{56CFE9F9-B12F-45A1-BAC3-3D4C6E58936D}"
	ProjectSection(SolutionItems) = preProject
		Payload\Scripts\Payload = Payload\Scripts\Payload
		Payload\Scripts\payload-dll.nim = Payload\Scripts\payload-dll.nim
		Payload\Scripts\payload.nim = Payload\Scripts\payload.nim
		Payload\Scripts\payload.ps1 = Payload\Scripts\payload.ps1
	EndProjectSection
EndProject
Project("{FAE04EC0-301F-11D3-BF4B-00C04F79EFBC}") = "InjectDll", "Payload\InjectDll\InjectDll.csproj", "{C314BC6C-50BA-4F70-8C38-BC0D1061B1D5}"
EndProject
Project("{2150E333-8FDC-42A3-9474-1A3956D46DE8}") = "Dependencies", "Dependencies", "{2BB80D3D-AD36-442D-B8EB-84D60E3FBC35}"
EndProject
Project("{FAE04EC0-301F-11D3-BF4B-00C04F79EFBC}") = "Shared", "Shared\Shared.csproj", "{9BA01ED0-5D50-485B-9F45-23EFCB80AB39}"
EndProject
Project("{FAE04EC0-301F-11D3-BF4B-00C04F79EFBC}") = "Agentv2", "Agentv2\Agentv2.csproj", "{01043754-FD73-4F2F-8A66-54E157535B2C}"
EndProject
Global
	GlobalSection(SolutionConfigurationPlatforms) = preSolution
		Debug|Any CPU = Debug|Any CPU
		Debug|x64 = Debug|x64
		Debug|x86 = Debug|x86
		Release|Any CPU = Release|Any CPU
		Release|x64 = Release|x64
		Release|x86 = Release|x86
		ReleaseButDebug|Any CPU = ReleaseButDebug|Any CPU
		ReleaseButDebug|x64 = ReleaseButDebug|x64
		ReleaseButDebug|x86 = ReleaseButDebug|x86
	EndGlobalSection
	GlobalSection(ProjectConfigurationPlatforms) = postSolution
		{99CDB51E-5094-4262-9B1A-C6C9682F29A3}.Debug|Any CPU.ActiveCfg = Debug|Any CPU
		{99CDB51E-5094-4262-9B1A-C6C9682F29A3}.Debug|Any CPU.Build.0 = Debug|Any CPU
		{99CDB51E-5094-4262-9B1A-C6C9682F29A3}.Debug|x64.ActiveCfg = Debug|Any CPU
		{99CDB51E-5094-4262-9B1A-C6C9682F29A3}.Debug|x64.Build.0 = Debug|Any CPU
		{99CDB51E-5094-4262-9B1A-C6C9682F29A3}.Debug|x86.ActiveCfg = Debug|Any CPU
		{99CDB51E-5094-4262-9B1A-C6C9682F29A3}.Debug|x86.Build.0 = Debug|Any CPU
		{99CDB51E-5094-4262-9B1A-C6C9682F29A3}.Release|Any CPU.ActiveCfg = ReleaseX64|Any CPU
		{99CDB51E-5094-4262-9B1A-C6C9682F29A3}.Release|Any CPU.Build.0 = ReleaseX64|Any CPU
		{99CDB51E-5094-4262-9B1A-C6C9682F29A3}.Release|x64.ActiveCfg = Debug|Any CPU
		{99CDB51E-5094-4262-9B1A-C6C9682F29A3}.Release|x64.Build.0 = Debug|Any CPU
		{99CDB51E-5094-4262-9B1A-C6C9682F29A3}.Release|x86.ActiveCfg = Debug|Any CPU
		{99CDB51E-5094-4262-9B1A-C6C9682F29A3}.Release|x86.Build.0 = Debug|Any CPU
		{99CDB51E-5094-4262-9B1A-C6C9682F29A3}.ReleaseButDebug|Any CPU.ActiveCfg = ReleaseButDebug|Any CPU
		{99CDB51E-5094-4262-9B1A-C6C9682F29A3}.ReleaseButDebug|Any CPU.Build.0 = ReleaseButDebug|Any CPU
		{99CDB51E-5094-4262-9B1A-C6C9682F29A3}.ReleaseButDebug|x64.ActiveCfg = ReleaseButDebug|Any CPU
		{99CDB51E-5094-4262-9B1A-C6C9682F29A3}.ReleaseButDebug|x64.Build.0 = ReleaseButDebug|Any CPU
		{99CDB51E-5094-4262-9B1A-C6C9682F29A3}.ReleaseButDebug|x86.ActiveCfg = ReleaseButDebug|Any CPU
		{99CDB51E-5094-4262-9B1A-C6C9682F29A3}.ReleaseButDebug|x86.Build.0 = ReleaseButDebug|Any CPU
		{FC662017-E51E-4704-9BBB-19B8E021C94A}.Debug|Any CPU.ActiveCfg = Debug|x64
		{FC662017-E51E-4704-9BBB-19B8E021C94A}.Debug|x64.ActiveCfg = Debug|x64
		{FC662017-E51E-4704-9BBB-19B8E021C94A}.Debug|x86.ActiveCfg = Debug|x86
		{FC662017-E51E-4704-9BBB-19B8E021C94A}.Release|Any CPU.ActiveCfg = Release|x64
		{FC662017-E51E-4704-9BBB-19B8E021C94A}.Release|x64.ActiveCfg = Release|x64
		{FC662017-E51E-4704-9BBB-19B8E021C94A}.Release|x86.ActiveCfg = Release|x86
		{FC662017-E51E-4704-9BBB-19B8E021C94A}.ReleaseButDebug|Any CPU.ActiveCfg = ReleaseButDebug|x64
		{FC662017-E51E-4704-9BBB-19B8E021C94A}.ReleaseButDebug|Any CPU.Build.0 = ReleaseButDebug|x64
		{FC662017-E51E-4704-9BBB-19B8E021C94A}.ReleaseButDebug|x64.ActiveCfg = ReleaseButDebug|x64
		{FC662017-E51E-4704-9BBB-19B8E021C94A}.ReleaseButDebug|x86.ActiveCfg = ReleaseButDebug|x86
		{8146A4C3-2DEF-424A-BDA8-580DF242A885}.Debug|Any CPU.ActiveCfg = Debug|Any CPU
		{8146A4C3-2DEF-424A-BDA8-580DF242A885}.Debug|Any CPU.Build.0 = Debug|Any CPU
		{8146A4C3-2DEF-424A-BDA8-580DF242A885}.Debug|x64.ActiveCfg = Debug|Any CPU
		{8146A4C3-2DEF-424A-BDA8-580DF242A885}.Debug|x64.Build.0 = Debug|Any CPU
		{8146A4C3-2DEF-424A-BDA8-580DF242A885}.Debug|x86.ActiveCfg = Debug|Any CPU
		{8146A4C3-2DEF-424A-BDA8-580DF242A885}.Debug|x86.Build.0 = Debug|Any CPU
		{8146A4C3-2DEF-424A-BDA8-580DF242A885}.Release|Any CPU.ActiveCfg = Release|Any CPU
		{8146A4C3-2DEF-424A-BDA8-580DF242A885}.Release|Any CPU.Build.0 = Release|Any CPU
		{8146A4C3-2DEF-424A-BDA8-580DF242A885}.Release|x64.ActiveCfg = Release|Any CPU
		{8146A4C3-2DEF-424A-BDA8-580DF242A885}.Release|x64.Build.0 = Release|Any CPU
		{8146A4C3-2DEF-424A-BDA8-580DF242A885}.Release|x86.ActiveCfg = Release|Any CPU
		{8146A4C3-2DEF-424A-BDA8-580DF242A885}.Release|x86.Build.0 = Release|Any CPU
		{8146A4C3-2DEF-424A-BDA8-580DF242A885}.ReleaseButDebug|Any CPU.ActiveCfg = ReleaseButDebug|Any CPU
		{8146A4C3-2DEF-424A-BDA8-580DF242A885}.ReleaseButDebug|Any CPU.Build.0 = ReleaseButDebug|Any CPU
		{8146A4C3-2DEF-424A-BDA8-580DF242A885}.ReleaseButDebug|x64.ActiveCfg = ReleaseButDebug|Any CPU
		{8146A4C3-2DEF-424A-BDA8-580DF242A885}.ReleaseButDebug|x64.Build.0 = ReleaseButDebug|Any CPU
		{8146A4C3-2DEF-424A-BDA8-580DF242A885}.ReleaseButDebug|x86.ActiveCfg = ReleaseButDebug|Any CPU
		{8146A4C3-2DEF-424A-BDA8-580DF242A885}.ReleaseButDebug|x86.Build.0 = ReleaseButDebug|Any CPU
		{7AAFD253-5C15-4F26-B068-9C99B9F2BFE7}.Debug|Any CPU.ActiveCfg = Debug|x64
		{7AAFD253-5C15-4F26-B068-9C99B9F2BFE7}.Debug|x64.ActiveCfg = Debug|x64
		{7AAFD253-5C15-4F26-B068-9C99B9F2BFE7}.Debug|x64.Build.0 = Debug|x64
		{7AAFD253-5C15-4F26-B068-9C99B9F2BFE7}.Debug|x86.ActiveCfg = Debug|x86
		{7AAFD253-5C15-4F26-B068-9C99B9F2BFE7}.Debug|x86.Build.0 = Debug|x86
		{7AAFD253-5C15-4F26-B068-9C99B9F2BFE7}.Release|Any CPU.ActiveCfg = Release|x64
		{7AAFD253-5C15-4F26-B068-9C99B9F2BFE7}.Release|x64.ActiveCfg = Release|x64
		{7AAFD253-5C15-4F26-B068-9C99B9F2BFE7}.Release|x64.Build.0 = Release|x64
		{7AAFD253-5C15-4F26-B068-9C99B9F2BFE7}.Release|x86.ActiveCfg = Release|x86
		{7AAFD253-5C15-4F26-B068-9C99B9F2BFE7}.Release|x86.Build.0 = Release|x86
		{7AAFD253-5C15-4F26-B068-9C99B9F2BFE7}.ReleaseButDebug|Any CPU.ActiveCfg = ReleaseButDebug|x64
		{7AAFD253-5C15-4F26-B068-9C99B9F2BFE7}.ReleaseButDebug|Any CPU.Build.0 = ReleaseButDebug|x64
		{7AAFD253-5C15-4F26-B068-9C99B9F2BFE7}.ReleaseButDebug|x64.ActiveCfg = ReleaseButDebug|x64
		{7AAFD253-5C15-4F26-B068-9C99B9F2BFE7}.ReleaseButDebug|x64.Build.0 = ReleaseButDebug|x64
		{7AAFD253-5C15-4F26-B068-9C99B9F2BFE7}.ReleaseButDebug|x86.ActiveCfg = ReleaseButDebug|x86
		{7AAFD253-5C15-4F26-B068-9C99B9F2BFE7}.ReleaseButDebug|x86.Build.0 = ReleaseButDebug|x86
		{829244EA-980B-4D17-A018-80A44D2D1C69}.Debug|Any CPU.ActiveCfg = Debug|Any CPU
		{829244EA-980B-4D17-A018-80A44D2D1C69}.Debug|Any CPU.Build.0 = Debug|Any CPU
		{829244EA-980B-4D17-A018-80A44D2D1C69}.Debug|x64.ActiveCfg = Debug|Any CPU
		{829244EA-980B-4D17-A018-80A44D2D1C69}.Debug|x64.Build.0 = Debug|Any CPU
		{829244EA-980B-4D17-A018-80A44D2D1C69}.Debug|x86.ActiveCfg = Debug|Any CPU
		{829244EA-980B-4D17-A018-80A44D2D1C69}.Debug|x86.Build.0 = Debug|Any CPU
		{829244EA-980B-4D17-A018-80A44D2D1C69}.Release|Any CPU.ActiveCfg = Release|Any CPU
		{829244EA-980B-4D17-A018-80A44D2D1C69}.Release|Any CPU.Build.0 = Release|Any CPU
		{829244EA-980B-4D17-A018-80A44D2D1C69}.Release|x64.ActiveCfg = Release|Any CPU
		{829244EA-980B-4D17-A018-80A44D2D1C69}.Release|x64.Build.0 = Release|Any CPU
		{829244EA-980B-4D17-A018-80A44D2D1C69}.Release|x86.ActiveCfg = Release|Any CPU
		{829244EA-980B-4D17-A018-80A44D2D1C69}.Release|x86.Build.0 = Release|Any CPU
		{829244EA-980B-4D17-A018-80A44D2D1C69}.ReleaseButDebug|Any CPU.ActiveCfg = ReleaseButDebug|Any CPU
		{829244EA-980B-4D17-A018-80A44D2D1C69}.ReleaseButDebug|Any CPU.Build.0 = ReleaseButDebug|Any CPU
		{829244EA-980B-4D17-A018-80A44D2D1C69}.ReleaseButDebug|x64.ActiveCfg = ReleaseButDebug|Any CPU
		{829244EA-980B-4D17-A018-80A44D2D1C69}.ReleaseButDebug|x64.Build.0 = ReleaseButDebug|Any CPU
		{829244EA-980B-4D17-A018-80A44D2D1C69}.ReleaseButDebug|x86.ActiveCfg = ReleaseButDebug|Any CPU
		{829244EA-980B-4D17-A018-80A44D2D1C69}.ReleaseButDebug|x86.Build.0 = ReleaseButDebug|Any CPU
		{D9DA9480-97E6-4C38-AA74-CBDC5E817631}.Debug|Any CPU.ActiveCfg = Debug|x64
		{D9DA9480-97E6-4C38-AA74-CBDC5E817631}.Debug|x64.ActiveCfg = Debug|x64
		{D9DA9480-97E6-4C38-AA74-CBDC5E817631}.Debug|x64.Build.0 = Debug|x64
		{D9DA9480-97E6-4C38-AA74-CBDC5E817631}.Debug|x86.ActiveCfg = Debug|x86
		{D9DA9480-97E6-4C38-AA74-CBDC5E817631}.Debug|x86.Build.0 = Debug|x86
		{D9DA9480-97E6-4C38-AA74-CBDC5E817631}.Release|Any CPU.ActiveCfg = Release|x64
		{D9DA9480-97E6-4C38-AA74-CBDC5E817631}.Release|x64.ActiveCfg = Release|x64
		{D9DA9480-97E6-4C38-AA74-CBDC5E817631}.Release|x64.Build.0 = Release|x64
		{D9DA9480-97E6-4C38-AA74-CBDC5E817631}.Release|x86.ActiveCfg = Release|x86
		{D9DA9480-97E6-4C38-AA74-CBDC5E817631}.Release|x86.Build.0 = Release|x86
		{D9DA9480-97E6-4C38-AA74-CBDC5E817631}.ReleaseButDebug|Any CPU.ActiveCfg = ReleaseButDebug|x64
		{D9DA9480-97E6-4C38-AA74-CBDC5E817631}.ReleaseButDebug|Any CPU.Build.0 = ReleaseButDebug|x64
		{D9DA9480-97E6-4C38-AA74-CBDC5E817631}.ReleaseButDebug|x64.ActiveCfg = ReleaseButDebug|x64
		{D9DA9480-97E6-4C38-AA74-CBDC5E817631}.ReleaseButDebug|x64.Build.0 = ReleaseButDebug|x64
		{D9DA9480-97E6-4C38-AA74-CBDC5E817631}.ReleaseButDebug|x86.ActiveCfg = ReleaseButDebug|x86
		{D9DA9480-97E6-4C38-AA74-CBDC5E817631}.ReleaseButDebug|x86.Build.0 = ReleaseButDebug|x86
		{1CBA15D0-5F8D-44FF-B38F-2A8CEC369408}.Debug|Any CPU.ActiveCfg = Debug|x64
		{1CBA15D0-5F8D-44FF-B38F-2A8CEC369408}.Debug|x64.ActiveCfg = Debug|x64
		{1CBA15D0-5F8D-44FF-B38F-2A8CEC369408}.Debug|x64.Build.0 = Debug|x64
		{1CBA15D0-5F8D-44FF-B38F-2A8CEC369408}.Debug|x86.ActiveCfg = Debug|x86
		{1CBA15D0-5F8D-44FF-B38F-2A8CEC369408}.Debug|x86.Build.0 = Debug|x86
		{1CBA15D0-5F8D-44FF-B38F-2A8CEC369408}.Release|Any CPU.ActiveCfg = Release|x64
		{1CBA15D0-5F8D-44FF-B38F-2A8CEC369408}.Release|x64.ActiveCfg = Release|x64
		{1CBA15D0-5F8D-44FF-B38F-2A8CEC369408}.Release|x64.Build.0 = Release|x64
		{1CBA15D0-5F8D-44FF-B38F-2A8CEC369408}.Release|x86.ActiveCfg = Release|x86
		{1CBA15D0-5F8D-44FF-B38F-2A8CEC369408}.Release|x86.Build.0 = Release|x86
		{1CBA15D0-5F8D-44FF-B38F-2A8CEC369408}.ReleaseButDebug|Any CPU.ActiveCfg = ReleaseButDebug|x64
		{1CBA15D0-5F8D-44FF-B38F-2A8CEC369408}.ReleaseButDebug|Any CPU.Build.0 = ReleaseButDebug|x64
		{1CBA15D0-5F8D-44FF-B38F-2A8CEC369408}.ReleaseButDebug|x64.ActiveCfg = ReleaseButDebug|x64
		{1CBA15D0-5F8D-44FF-B38F-2A8CEC369408}.ReleaseButDebug|x64.Build.0 = ReleaseButDebug|x64
		{1CBA15D0-5F8D-44FF-B38F-2A8CEC369408}.ReleaseButDebug|x86.ActiveCfg = ReleaseButDebug|x86
		{1CBA15D0-5F8D-44FF-B38F-2A8CEC369408}.ReleaseButDebug|x86.Build.0 = ReleaseButDebug|x86
		{C314BC6C-50BA-4F70-8C38-BC0D1061B1D5}.Debug|Any CPU.ActiveCfg = Debug|x64
		{C314BC6C-50BA-4F70-8C38-BC0D1061B1D5}.Debug|x64.ActiveCfg = Debug|x64
		{C314BC6C-50BA-4F70-8C38-BC0D1061B1D5}.Debug|x64.Build.0 = Debug|x64
		{C314BC6C-50BA-4F70-8C38-BC0D1061B1D5}.Debug|x86.ActiveCfg = Debug|x86
		{C314BC6C-50BA-4F70-8C38-BC0D1061B1D5}.Debug|x86.Build.0 = Debug|x86
		{C314BC6C-50BA-4F70-8C38-BC0D1061B1D5}.Release|Any CPU.ActiveCfg = Release|x64
		{C314BC6C-50BA-4F70-8C38-BC0D1061B1D5}.Release|x64.ActiveCfg = Release|x64
		{C314BC6C-50BA-4F70-8C38-BC0D1061B1D5}.Release|x64.Build.0 = Release|x64
		{C314BC6C-50BA-4F70-8C38-BC0D1061B1D5}.Release|x86.ActiveCfg = Release|x86
		{C314BC6C-50BA-4F70-8C38-BC0D1061B1D5}.Release|x86.Build.0 = Release|x86
		{C314BC6C-50BA-4F70-8C38-BC0D1061B1D5}.ReleaseButDebug|Any CPU.ActiveCfg = ReleaseButDebug|x64
		{C314BC6C-50BA-4F70-8C38-BC0D1061B1D5}.ReleaseButDebug|Any CPU.Build.0 = ReleaseButDebug|x64
		{C314BC6C-50BA-4F70-8C38-BC0D1061B1D5}.ReleaseButDebug|x64.ActiveCfg = ReleaseButDebug|x64
		{C314BC6C-50BA-4F70-8C38-BC0D1061B1D5}.ReleaseButDebug|x64.Build.0 = ReleaseButDebug|x64
		{C314BC6C-50BA-4F70-8C38-BC0D1061B1D5}.ReleaseButDebug|x86.ActiveCfg = ReleaseButDebug|x86
		{C314BC6C-50BA-4F70-8C38-BC0D1061B1D5}.ReleaseButDebug|x86.Build.0 = ReleaseButDebug|x86
		{9BA01ED0-5D50-485B-9F45-23EFCB80AB39}.Debug|Any CPU.ActiveCfg = Debug|Any CPU
		{9BA01ED0-5D50-485B-9F45-23EFCB80AB39}.Debug|Any CPU.Build.0 = Debug|Any CPU
		{9BA01ED0-5D50-485B-9F45-23EFCB80AB39}.Debug|x64.ActiveCfg = Debug|Any CPU
		{9BA01ED0-5D50-485B-9F45-23EFCB80AB39}.Debug|x64.Build.0 = Debug|Any CPU
		{9BA01ED0-5D50-485B-9F45-23EFCB80AB39}.Debug|x86.ActiveCfg = Debug|Any CPU
		{9BA01ED0-5D50-485B-9F45-23EFCB80AB39}.Debug|x86.Build.0 = Debug|Any CPU
		{9BA01ED0-5D50-485B-9F45-23EFCB80AB39}.Release|Any CPU.ActiveCfg = Release|Any CPU
		{9BA01ED0-5D50-485B-9F45-23EFCB80AB39}.Release|Any CPU.Build.0 = Release|Any CPU
		{9BA01ED0-5D50-485B-9F45-23EFCB80AB39}.Release|x64.ActiveCfg = Release|Any CPU
		{9BA01ED0-5D50-485B-9F45-23EFCB80AB39}.Release|x64.Build.0 = Release|Any CPU
		{9BA01ED0-5D50-485B-9F45-23EFCB80AB39}.Release|x86.ActiveCfg = Release|Any CPU
		{9BA01ED0-5D50-485B-9F45-23EFCB80AB39}.Release|x86.Build.0 = Release|Any CPU
		{9BA01ED0-5D50-485B-9F45-23EFCB80AB39}.ReleaseButDebug|Any CPU.ActiveCfg = ReleaseButDebug|Any CPU
		{9BA01ED0-5D50-485B-9F45-23EFCB80AB39}.ReleaseButDebug|Any CPU.Build.0 = ReleaseButDebug|Any CPU
		{9BA01ED0-5D50-485B-9F45-23EFCB80AB39}.ReleaseButDebug|x64.ActiveCfg = ReleaseButDebug|Any CPU
		{9BA01ED0-5D50-485B-9F45-23EFCB80AB39}.ReleaseButDebug|x64.Build.0 = ReleaseButDebug|Any CPU
		{9BA01ED0-5D50-485B-9F45-23EFCB80AB39}.ReleaseButDebug|x86.ActiveCfg = ReleaseButDebug|Any CPU
		{9BA01ED0-5D50-485B-9F45-23EFCB80AB39}.ReleaseButDebug|x86.Build.0 = ReleaseButDebug|Any CPU
		{01043754-FD73-4F2F-8A66-54E157535B2C}.Debug|Any CPU.ActiveCfg = Debug|x64
		{01043754-FD73-4F2F-8A66-54E157535B2C}.Debug|x64.ActiveCfg = Debug|x64
		{01043754-FD73-4F2F-8A66-54E157535B2C}.Debug|x64.Build.0 = Debug|x64
		{01043754-FD73-4F2F-8A66-54E157535B2C}.Debug|x86.ActiveCfg = Debug|x86
		{01043754-FD73-4F2F-8A66-54E157535B2C}.Debug|x86.Build.0 = Debug|x86
		{01043754-FD73-4F2F-8A66-54E157535B2C}.Release|Any CPU.ActiveCfg = Release|x64
		{01043754-FD73-4F2F-8A66-54E157535B2C}.Release|x64.ActiveCfg = Release|x64
		{01043754-FD73-4F2F-8A66-54E157535B2C}.Release|x64.Build.0 = Release|x64
		{01043754-FD73-4F2F-8A66-54E157535B2C}.Release|x86.ActiveCfg = Release|x86
		{01043754-FD73-4F2F-8A66-54E157535B2C}.Release|x86.Build.0 = Release|x86
		{01043754-FD73-4F2F-8A66-54E157535B2C}.ReleaseButDebug|Any CPU.ActiveCfg = Release|x64
		{01043754-FD73-4F2F-8A66-54E157535B2C}.ReleaseButDebug|x64.ActiveCfg = ReleaseButDebug|x64
		{01043754-FD73-4F2F-8A66-54E157535B2C}.ReleaseButDebug|x64.Build.0 = ReleaseButDebug|x64
		{01043754-FD73-4F2F-8A66-54E157535B2C}.ReleaseButDebug|x86.ActiveCfg = ReleaseButDebug|x86
		{01043754-FD73-4F2F-8A66-54E157535B2C}.ReleaseButDebug|x86.Build.0 = ReleaseButDebug|x86
	EndGlobalSection
	GlobalSection(SolutionProperties) = preSolution
		HideSolutionNode = FALSE
	EndGlobalSection
	GlobalSection(NestedProjects) = preSolution
		{7AAFD253-5C15-4F26-B068-9C99B9F2BFE7} = {FA393BFB-DC94-4079-9572-4CAE8179DFC9}
		{D9DA9480-97E6-4C38-AA74-CBDC5E817631} = {FA393BFB-DC94-4079-9572-4CAE8179DFC9}
		{1CBA15D0-5F8D-44FF-B38F-2A8CEC369408} = {FA393BFB-DC94-4079-9572-4CAE8179DFC9}
		{56CFE9F9-B12F-45A1-BAC3-3D4C6E58936D} = {FA393BFB-DC94-4079-9572-4CAE8179DFC9}
		{C314BC6C-50BA-4F70-8C38-BC0D1061B1D5} = {FA393BFB-DC94-4079-9572-4CAE8179DFC9}
	EndGlobalSection
	GlobalSection(ExtensibilityGlobals) = postSolution
		SolutionGuid = {8F1C3E1B-972F-4903-9445-6F9834624107}
	EndGlobalSection
EndGlobal
