
Microsoft Visual Studio Solution File, Format Version 12.00
# Visual Studio Version 17
VisualStudioVersion = 17.0.31912.275
MinimumVisualStudioVersion = 10.0.40219.1
Project("{9A19103F-16F7-4668-BE54-9A1E7A4F7556}") = "TeamServer", "TeamServer\TeamServer.csproj", "{99CDB51E-5094-4262-9B1A-C6C9682F29A3}"
EndProject
Project("{9A19103F-16F7-4668-BE54-9A1E7A4F7556}") = "ApiModels", "ApiModels\ApiModels.csproj", "{929FAA02-5222-47DC-BA0B-229A9885B98D}"
EndProject
Project("{FAE04EC0-301F-11D3-BF4B-00C04F79EFBC}") = "Agent", "Agent\Agent.csproj", "{FC662017-E51E-4704-9BBB-19B8E021C94A}"
EndProject
Project("{9A19103F-16F7-4668-BE54-9A1E7A4F7556}") = "Commander", "Commander\Commander.csproj", "{8146A4C3-2DEF-424A-BDA8-580DF242A885}"
EndProject
Project("{2150E333-8FDC-42A3-9474-1A3956D46DE8}") = "Tests", "Tests", "{0B76A01A-0714-4F9E-A419-38C3CB2CD0DF}"
EndProject
Project("{2150E333-8FDC-42A3-9474-1A3956D46DE8}") = "Doc", "Doc", "{8BA2B05D-B7F3-4986-860D-F5FC7192EB8D}"
	ProjectSection(SolutionItems) = preProject
		Notes.txt = Notes.txt
		Todo.txt = Todo.txt
		Usefull Commands.txt = Usefull Commands.txt
	EndProjectSection
EndProject
Project("{2150E333-8FDC-42A3-9474-1A3956D46DE8}") = "Payload", "Payload", "{FA393BFB-DC94-4079-9572-4CAE8179DFC9}"
EndProject
Project("{FAE04EC0-301F-11D3-BF4B-00C04F79EFBC}") = "PatcherDll", "Payload\PatcherDll\PatcherDll.csproj", "{7AAFD253-5C15-4F26-B068-9C99B9F2BFE7}"
EndProject
Project("{9A19103F-16F7-4668-BE54-9A1E7A4F7556}") = "Common", "Common\Common.csproj", "{829244EA-980B-4D17-A018-80A44D2D1C69}"
EndProject
Project("{FAE04EC0-301F-11D3-BF4B-00C04F79EFBC}") = "Starter", "Payload\Starter\Starter.csproj", "{D9DA9480-97E6-4C38-AA74-CBDC5E817631}"
EndProject
Project("{FAE04EC0-301F-11D3-BF4B-00C04F79EFBC}") = "Service", "Payload\Service\Service.csproj", "{1CBA15D0-5F8D-44FF-B38F-2A8CEC369408}"
EndProject
Project("{2150E333-8FDC-42A3-9474-1A3956D46DE8}") = "Script", "Script", "{2AA56D46-1E75-4624-A3DB-C33CFE3049FA}"
	ProjectSection(SolutionItems) = preProject
		BuildPayloads.bat = BuildPayloads.bat
	EndProjectSection
EndProject
Project("{2150E333-8FDC-42A3-9474-1A3956D46DE8}") = "Scripts", "Scripts", "{56CFE9F9-B12F-45A1-BAC3-3D4C6E58936D}"
	ProjectSection(SolutionItems) = preProject
		Payload\Scripts\Payload = Payload\Scripts\Payload
		Payload\Scripts\payload.nim = Payload\Scripts\payload.nim
		Payload\Scripts\payload.ps1 = Payload\Scripts\payload.ps1
	EndProjectSection
EndProject
Project("{FAE04EC0-301F-11D3-BF4B-00C04F79EFBC}") = "InjectDll", "Payload\InjectDll\InjectDll.csproj", "{C314BC6C-50BA-4F70-8C38-BC0D1061B1D5}"
EndProject
Project("{FAE04EC0-301F-11D3-BF4B-00C04F79EFBC}") = "Win32Test", "Tests\Win32Test\Win32Test.csproj", "{7202AC50-5F5F-48D1-86BD-DC33E519FBED}"
EndProject
Project("{FAE04EC0-301F-11D3-BF4B-00C04F79EFBC}") = "WinAPI", "WinAPI\WinAPI.csproj", "{3E9A8AD8-1436-45EF-A2FE-24706EAC474A}"
EndProject
Global
	GlobalSection(SolutionConfigurationPlatforms) = preSolution
		Debug|Any CPU = Debug|Any CPU
		Debug|x64 = Debug|x64
		Debug|x86 = Debug|x86
		Release|Any CPU = Release|Any CPU
		Release|x64 = Release|x64
		Release|x86 = Release|x86
		ReleaseX64|Any CPU = ReleaseX64|Any CPU
		ReleaseX64|x64 = ReleaseX64|x64
		ReleaseX64|x86 = ReleaseX64|x86
		ReleaseX86|Any CPU = ReleaseX86|Any CPU
		ReleaseX86|x64 = ReleaseX86|x64
		ReleaseX86|x86 = ReleaseX86|x86
	EndGlobalSection
	GlobalSection(ProjectConfigurationPlatforms) = postSolution
		{99CDB51E-5094-4262-9B1A-C6C9682F29A3}.Debug|Any CPU.ActiveCfg = Debug|Any CPU
		{99CDB51E-5094-4262-9B1A-C6C9682F29A3}.Debug|Any CPU.Build.0 = Debug|Any CPU
		{99CDB51E-5094-4262-9B1A-C6C9682F29A3}.Debug|x64.ActiveCfg = Debug|Any CPU
		{99CDB51E-5094-4262-9B1A-C6C9682F29A3}.Debug|x64.Build.0 = Debug|Any CPU
		{99CDB51E-5094-4262-9B1A-C6C9682F29A3}.Debug|x86.ActiveCfg = Debug|Any CPU
		{99CDB51E-5094-4262-9B1A-C6C9682F29A3}.Debug|x86.Build.0 = Debug|Any CPU
		{99CDB51E-5094-4262-9B1A-C6C9682F29A3}.Release|Any CPU.ActiveCfg = Release|Any CPU
		{99CDB51E-5094-4262-9B1A-C6C9682F29A3}.Release|Any CPU.Build.0 = Release|Any CPU
		{99CDB51E-5094-4262-9B1A-C6C9682F29A3}.Release|x64.ActiveCfg = Release|Any CPU
		{99CDB51E-5094-4262-9B1A-C6C9682F29A3}.Release|x64.Build.0 = Release|Any CPU
		{99CDB51E-5094-4262-9B1A-C6C9682F29A3}.Release|x86.ActiveCfg = Release|Any CPU
		{99CDB51E-5094-4262-9B1A-C6C9682F29A3}.Release|x86.Build.0 = Release|Any CPU
		{99CDB51E-5094-4262-9B1A-C6C9682F29A3}.ReleaseX64|Any CPU.ActiveCfg = ReleaseX64|Any CPU
		{99CDB51E-5094-4262-9B1A-C6C9682F29A3}.ReleaseX64|Any CPU.Build.0 = ReleaseX64|Any CPU
		{99CDB51E-5094-4262-9B1A-C6C9682F29A3}.ReleaseX64|x64.ActiveCfg = ReleaseX64|Any CPU
		{99CDB51E-5094-4262-9B1A-C6C9682F29A3}.ReleaseX64|x64.Build.0 = ReleaseX64|Any CPU
		{99CDB51E-5094-4262-9B1A-C6C9682F29A3}.ReleaseX64|x86.ActiveCfg = ReleaseX64|Any CPU
		{99CDB51E-5094-4262-9B1A-C6C9682F29A3}.ReleaseX64|x86.Build.0 = ReleaseX64|Any CPU
		{99CDB51E-5094-4262-9B1A-C6C9682F29A3}.ReleaseX86|Any CPU.ActiveCfg = ReleaseX86|Any CPU
		{99CDB51E-5094-4262-9B1A-C6C9682F29A3}.ReleaseX86|Any CPU.Build.0 = ReleaseX86|Any CPU
		{99CDB51E-5094-4262-9B1A-C6C9682F29A3}.ReleaseX86|x64.ActiveCfg = ReleaseX86|Any CPU
		{99CDB51E-5094-4262-9B1A-C6C9682F29A3}.ReleaseX86|x64.Build.0 = ReleaseX86|Any CPU
		{99CDB51E-5094-4262-9B1A-C6C9682F29A3}.ReleaseX86|x86.ActiveCfg = ReleaseX86|Any CPU
		{99CDB51E-5094-4262-9B1A-C6C9682F29A3}.ReleaseX86|x86.Build.0 = ReleaseX86|Any CPU
		{929FAA02-5222-47DC-BA0B-229A9885B98D}.Debug|Any CPU.ActiveCfg = Debug|Any CPU
		{929FAA02-5222-47DC-BA0B-229A9885B98D}.Debug|Any CPU.Build.0 = Debug|Any CPU
		{929FAA02-5222-47DC-BA0B-229A9885B98D}.Debug|x64.ActiveCfg = Debug|Any CPU
		{929FAA02-5222-47DC-BA0B-229A9885B98D}.Debug|x64.Build.0 = Debug|Any CPU
		{929FAA02-5222-47DC-BA0B-229A9885B98D}.Debug|x86.ActiveCfg = Debug|Any CPU
		{929FAA02-5222-47DC-BA0B-229A9885B98D}.Debug|x86.Build.0 = Debug|Any CPU
		{929FAA02-5222-47DC-BA0B-229A9885B98D}.Release|Any CPU.ActiveCfg = Release|Any CPU
		{929FAA02-5222-47DC-BA0B-229A9885B98D}.Release|Any CPU.Build.0 = Release|Any CPU
		{929FAA02-5222-47DC-BA0B-229A9885B98D}.Release|x64.ActiveCfg = Release|Any CPU
		{929FAA02-5222-47DC-BA0B-229A9885B98D}.Release|x64.Build.0 = Release|Any CPU
		{929FAA02-5222-47DC-BA0B-229A9885B98D}.Release|x86.ActiveCfg = Release|Any CPU
		{929FAA02-5222-47DC-BA0B-229A9885B98D}.Release|x86.Build.0 = Release|Any CPU
		{929FAA02-5222-47DC-BA0B-229A9885B98D}.ReleaseX64|Any CPU.ActiveCfg = ReleaseX64|Any CPU
		{929FAA02-5222-47DC-BA0B-229A9885B98D}.ReleaseX64|Any CPU.Build.0 = ReleaseX64|Any CPU
		{929FAA02-5222-47DC-BA0B-229A9885B98D}.ReleaseX64|x64.ActiveCfg = ReleaseX64|Any CPU
		{929FAA02-5222-47DC-BA0B-229A9885B98D}.ReleaseX64|x64.Build.0 = ReleaseX64|Any CPU
		{929FAA02-5222-47DC-BA0B-229A9885B98D}.ReleaseX64|x86.ActiveCfg = ReleaseX64|Any CPU
		{929FAA02-5222-47DC-BA0B-229A9885B98D}.ReleaseX64|x86.Build.0 = ReleaseX64|Any CPU
		{929FAA02-5222-47DC-BA0B-229A9885B98D}.ReleaseX86|Any CPU.ActiveCfg = ReleaseX86|Any CPU
		{929FAA02-5222-47DC-BA0B-229A9885B98D}.ReleaseX86|Any CPU.Build.0 = ReleaseX86|Any CPU
		{929FAA02-5222-47DC-BA0B-229A9885B98D}.ReleaseX86|x64.ActiveCfg = ReleaseX86|Any CPU
		{929FAA02-5222-47DC-BA0B-229A9885B98D}.ReleaseX86|x64.Build.0 = ReleaseX86|Any CPU
		{929FAA02-5222-47DC-BA0B-229A9885B98D}.ReleaseX86|x86.ActiveCfg = ReleaseX86|Any CPU
		{929FAA02-5222-47DC-BA0B-229A9885B98D}.ReleaseX86|x86.Build.0 = ReleaseX86|Any CPU
		{FC662017-E51E-4704-9BBB-19B8E021C94A}.Debug|Any CPU.ActiveCfg = Debug|Any CPU
		{FC662017-E51E-4704-9BBB-19B8E021C94A}.Debug|Any CPU.Build.0 = Debug|Any CPU
		{FC662017-E51E-4704-9BBB-19B8E021C94A}.Debug|x64.ActiveCfg = Debug|x64
		{FC662017-E51E-4704-9BBB-19B8E021C94A}.Debug|x64.Build.0 = Debug|x64
		{FC662017-E51E-4704-9BBB-19B8E021C94A}.Debug|x86.ActiveCfg = Debug|x86
		{FC662017-E51E-4704-9BBB-19B8E021C94A}.Debug|x86.Build.0 = Debug|x86
		{FC662017-E51E-4704-9BBB-19B8E021C94A}.Release|Any CPU.ActiveCfg = Release|Any CPU
		{FC662017-E51E-4704-9BBB-19B8E021C94A}.Release|Any CPU.Build.0 = Release|Any CPU
		{FC662017-E51E-4704-9BBB-19B8E021C94A}.Release|x64.ActiveCfg = Release|x64
		{FC662017-E51E-4704-9BBB-19B8E021C94A}.Release|x64.Build.0 = Release|x64
		{FC662017-E51E-4704-9BBB-19B8E021C94A}.Release|x86.ActiveCfg = Release|x86
		{FC662017-E51E-4704-9BBB-19B8E021C94A}.Release|x86.Build.0 = Release|x86
		{FC662017-E51E-4704-9BBB-19B8E021C94A}.ReleaseX64|Any CPU.ActiveCfg = ReleaseX64|Any CPU
		{FC662017-E51E-4704-9BBB-19B8E021C94A}.ReleaseX64|Any CPU.Build.0 = ReleaseX64|Any CPU
		{FC662017-E51E-4704-9BBB-19B8E021C94A}.ReleaseX64|x64.ActiveCfg = ReleaseX64|x64
		{FC662017-E51E-4704-9BBB-19B8E021C94A}.ReleaseX64|x64.Build.0 = ReleaseX64|x64
		{FC662017-E51E-4704-9BBB-19B8E021C94A}.ReleaseX64|x86.ActiveCfg = ReleaseX64|x86
		{FC662017-E51E-4704-9BBB-19B8E021C94A}.ReleaseX64|x86.Build.0 = ReleaseX64|x86
		{FC662017-E51E-4704-9BBB-19B8E021C94A}.ReleaseX86|Any CPU.ActiveCfg = ReleaseX86|Any CPU
		{FC662017-E51E-4704-9BBB-19B8E021C94A}.ReleaseX86|Any CPU.Build.0 = ReleaseX86|Any CPU
		{FC662017-E51E-4704-9BBB-19B8E021C94A}.ReleaseX86|x64.ActiveCfg = ReleaseX86|x86
		{FC662017-E51E-4704-9BBB-19B8E021C94A}.ReleaseX86|x64.Build.0 = ReleaseX86|x86
		{FC662017-E51E-4704-9BBB-19B8E021C94A}.ReleaseX86|x86.ActiveCfg = ReleaseX86|x86
		{FC662017-E51E-4704-9BBB-19B8E021C94A}.ReleaseX86|x86.Build.0 = ReleaseX86|x86
		{8146A4C3-2DEF-424A-BDA8-580DF242A885}.Debug|Any CPU.ActiveCfg = Debug|Any CPU
		{8146A4C3-2DEF-424A-BDA8-580DF242A885}.Debug|Any CPU.Build.0 = Debug|Any CPU
		{8146A4C3-2DEF-424A-BDA8-580DF242A885}.Debug|x64.ActiveCfg = Debug|Any CPU
		{8146A4C3-2DEF-424A-BDA8-580DF242A885}.Debug|x64.Build.0 = Debug|Any CPU
		{8146A4C3-2DEF-424A-BDA8-580DF242A885}.Debug|x86.ActiveCfg = Debug|Any CPU
		{8146A4C3-2DEF-424A-BDA8-580DF242A885}.Debug|x86.Build.0 = Debug|Any CPU
		{8146A4C3-2DEF-424A-BDA8-580DF242A885}.Release|Any CPU.ActiveCfg = Release|Any CPU
		{8146A4C3-2DEF-424A-BDA8-580DF242A885}.Release|Any CPU.Build.0 = Release|Any CPU
		{8146A4C3-2DEF-424A-BDA8-580DF242A885}.Release|x64.ActiveCfg = Release|Any CPU
		{8146A4C3-2DEF-424A-BDA8-580DF242A885}.Release|x64.Build.0 = Release|Any CPU
		{8146A4C3-2DEF-424A-BDA8-580DF242A885}.Release|x86.ActiveCfg = Release|Any CPU
		{8146A4C3-2DEF-424A-BDA8-580DF242A885}.Release|x86.Build.0 = Release|Any CPU
		{8146A4C3-2DEF-424A-BDA8-580DF242A885}.ReleaseX64|Any CPU.ActiveCfg = ReleaseX64|Any CPU
		{8146A4C3-2DEF-424A-BDA8-580DF242A885}.ReleaseX64|Any CPU.Build.0 = ReleaseX64|Any CPU
		{8146A4C3-2DEF-424A-BDA8-580DF242A885}.ReleaseX64|x64.ActiveCfg = ReleaseX64|Any CPU
		{8146A4C3-2DEF-424A-BDA8-580DF242A885}.ReleaseX64|x64.Build.0 = ReleaseX64|Any CPU
		{8146A4C3-2DEF-424A-BDA8-580DF242A885}.ReleaseX64|x86.ActiveCfg = ReleaseX64|Any CPU
		{8146A4C3-2DEF-424A-BDA8-580DF242A885}.ReleaseX64|x86.Build.0 = ReleaseX64|Any CPU
		{8146A4C3-2DEF-424A-BDA8-580DF242A885}.ReleaseX86|Any CPU.ActiveCfg = ReleaseX86|Any CPU
		{8146A4C3-2DEF-424A-BDA8-580DF242A885}.ReleaseX86|Any CPU.Build.0 = ReleaseX86|Any CPU
		{8146A4C3-2DEF-424A-BDA8-580DF242A885}.ReleaseX86|x64.ActiveCfg = ReleaseX86|Any CPU
		{8146A4C3-2DEF-424A-BDA8-580DF242A885}.ReleaseX86|x64.Build.0 = ReleaseX86|Any CPU
		{8146A4C3-2DEF-424A-BDA8-580DF242A885}.ReleaseX86|x86.ActiveCfg = ReleaseX86|Any CPU
		{8146A4C3-2DEF-424A-BDA8-580DF242A885}.ReleaseX86|x86.Build.0 = ReleaseX86|Any CPU
		{7AAFD253-5C15-4F26-B068-9C99B9F2BFE7}.Debug|Any CPU.ActiveCfg = Debug|Any CPU
		{7AAFD253-5C15-4F26-B068-9C99B9F2BFE7}.Debug|Any CPU.Build.0 = Debug|Any CPU
		{7AAFD253-5C15-4F26-B068-9C99B9F2BFE7}.Debug|x64.ActiveCfg = Debug|Any CPU
		{7AAFD253-5C15-4F26-B068-9C99B9F2BFE7}.Debug|x64.Build.0 = Debug|Any CPU
		{7AAFD253-5C15-4F26-B068-9C99B9F2BFE7}.Debug|x86.ActiveCfg = Debug|Any CPU
		{7AAFD253-5C15-4F26-B068-9C99B9F2BFE7}.Debug|x86.Build.0 = Debug|Any CPU
		{7AAFD253-5C15-4F26-B068-9C99B9F2BFE7}.Release|Any CPU.ActiveCfg = Release|Any CPU
		{7AAFD253-5C15-4F26-B068-9C99B9F2BFE7}.Release|Any CPU.Build.0 = Release|Any CPU
		{7AAFD253-5C15-4F26-B068-9C99B9F2BFE7}.Release|x64.ActiveCfg = Release|Any CPU
		{7AAFD253-5C15-4F26-B068-9C99B9F2BFE7}.Release|x64.Build.0 = Release|Any CPU
		{7AAFD253-5C15-4F26-B068-9C99B9F2BFE7}.Release|x86.ActiveCfg = Release|Any CPU
		{7AAFD253-5C15-4F26-B068-9C99B9F2BFE7}.Release|x86.Build.0 = Release|Any CPU
		{7AAFD253-5C15-4F26-B068-9C99B9F2BFE7}.ReleaseX64|Any CPU.ActiveCfg = ReleaseX64|Any CPU
		{7AAFD253-5C15-4F26-B068-9C99B9F2BFE7}.ReleaseX64|Any CPU.Build.0 = ReleaseX64|Any CPU
		{7AAFD253-5C15-4F26-B068-9C99B9F2BFE7}.ReleaseX64|x64.ActiveCfg = Release|Any CPU
		{7AAFD253-5C15-4F26-B068-9C99B9F2BFE7}.ReleaseX64|x64.Build.0 = Release|Any CPU
		{7AAFD253-5C15-4F26-B068-9C99B9F2BFE7}.ReleaseX64|x86.ActiveCfg = Release|Any CPU
		{7AAFD253-5C15-4F26-B068-9C99B9F2BFE7}.ReleaseX64|x86.Build.0 = Release|Any CPU
		{7AAFD253-5C15-4F26-B068-9C99B9F2BFE7}.ReleaseX86|Any CPU.ActiveCfg = ReleaseX86|Any CPU
		{7AAFD253-5C15-4F26-B068-9C99B9F2BFE7}.ReleaseX86|x64.ActiveCfg = Release|Any CPU
		{7AAFD253-5C15-4F26-B068-9C99B9F2BFE7}.ReleaseX86|x64.Build.0 = Release|Any CPU
		{7AAFD253-5C15-4F26-B068-9C99B9F2BFE7}.ReleaseX86|x86.ActiveCfg = Release|Any CPU
		{7AAFD253-5C15-4F26-B068-9C99B9F2BFE7}.ReleaseX86|x86.Build.0 = Release|Any CPU
		{829244EA-980B-4D17-A018-80A44D2D1C69}.Debug|Any CPU.ActiveCfg = Debug|Any CPU
		{829244EA-980B-4D17-A018-80A44D2D1C69}.Debug|Any CPU.Build.0 = Debug|Any CPU
		{829244EA-980B-4D17-A018-80A44D2D1C69}.Debug|x64.ActiveCfg = Debug|Any CPU
		{829244EA-980B-4D17-A018-80A44D2D1C69}.Debug|x64.Build.0 = Debug|Any CPU
		{829244EA-980B-4D17-A018-80A44D2D1C69}.Debug|x86.ActiveCfg = Debug|Any CPU
		{829244EA-980B-4D17-A018-80A44D2D1C69}.Debug|x86.Build.0 = Debug|Any CPU
		{829244EA-980B-4D17-A018-80A44D2D1C69}.Release|Any CPU.ActiveCfg = Release|Any CPU
		{829244EA-980B-4D17-A018-80A44D2D1C69}.Release|Any CPU.Build.0 = Release|Any CPU
		{829244EA-980B-4D17-A018-80A44D2D1C69}.Release|x64.ActiveCfg = Release|Any CPU
		{829244EA-980B-4D17-A018-80A44D2D1C69}.Release|x64.Build.0 = Release|Any CPU
		{829244EA-980B-4D17-A018-80A44D2D1C69}.Release|x86.ActiveCfg = Release|Any CPU
		{829244EA-980B-4D17-A018-80A44D2D1C69}.Release|x86.Build.0 = Release|Any CPU
		{829244EA-980B-4D17-A018-80A44D2D1C69}.ReleaseX64|Any CPU.ActiveCfg = Release|Any CPU
		{829244EA-980B-4D17-A018-80A44D2D1C69}.ReleaseX64|Any CPU.Build.0 = Release|Any CPU
		{829244EA-980B-4D17-A018-80A44D2D1C69}.ReleaseX64|x64.ActiveCfg = Release|Any CPU
		{829244EA-980B-4D17-A018-80A44D2D1C69}.ReleaseX64|x64.Build.0 = Release|Any CPU
		{829244EA-980B-4D17-A018-80A44D2D1C69}.ReleaseX64|x86.ActiveCfg = Release|Any CPU
		{829244EA-980B-4D17-A018-80A44D2D1C69}.ReleaseX64|x86.Build.0 = Release|Any CPU
		{829244EA-980B-4D17-A018-80A44D2D1C69}.ReleaseX86|Any CPU.ActiveCfg = Release|Any CPU
		{829244EA-980B-4D17-A018-80A44D2D1C69}.ReleaseX86|Any CPU.Build.0 = Release|Any CPU
		{829244EA-980B-4D17-A018-80A44D2D1C69}.ReleaseX86|x64.ActiveCfg = Release|Any CPU
		{829244EA-980B-4D17-A018-80A44D2D1C69}.ReleaseX86|x64.Build.0 = Release|Any CPU
		{829244EA-980B-4D17-A018-80A44D2D1C69}.ReleaseX86|x86.ActiveCfg = Release|Any CPU
		{829244EA-980B-4D17-A018-80A44D2D1C69}.ReleaseX86|x86.Build.0 = Release|Any CPU
		{D9DA9480-97E6-4C38-AA74-CBDC5E817631}.Debug|Any CPU.ActiveCfg = Debug|Any CPU
		{D9DA9480-97E6-4C38-AA74-CBDC5E817631}.Debug|Any CPU.Build.0 = Debug|Any CPU
		{D9DA9480-97E6-4C38-AA74-CBDC5E817631}.Debug|x64.ActiveCfg = Debug|Any CPU
		{D9DA9480-97E6-4C38-AA74-CBDC5E817631}.Debug|x64.Build.0 = Debug|Any CPU
		{D9DA9480-97E6-4C38-AA74-CBDC5E817631}.Debug|x86.ActiveCfg = Debug|Any CPU
		{D9DA9480-97E6-4C38-AA74-CBDC5E817631}.Debug|x86.Build.0 = Debug|Any CPU
		{D9DA9480-97E6-4C38-AA74-CBDC5E817631}.Release|Any CPU.ActiveCfg = Release|Any CPU
		{D9DA9480-97E6-4C38-AA74-CBDC5E817631}.Release|Any CPU.Build.0 = Release|Any CPU
		{D9DA9480-97E6-4C38-AA74-CBDC5E817631}.Release|x64.ActiveCfg = Release|Any CPU
		{D9DA9480-97E6-4C38-AA74-CBDC5E817631}.Release|x64.Build.0 = Release|Any CPU
		{D9DA9480-97E6-4C38-AA74-CBDC5E817631}.Release|x86.ActiveCfg = Release|Any CPU
		{D9DA9480-97E6-4C38-AA74-CBDC5E817631}.Release|x86.Build.0 = Release|Any CPU
		{D9DA9480-97E6-4C38-AA74-CBDC5E817631}.ReleaseX64|Any CPU.ActiveCfg = ReleaseX64|Any CPU
		{D9DA9480-97E6-4C38-AA74-CBDC5E817631}.ReleaseX64|Any CPU.Build.0 = ReleaseX64|Any CPU
		{D9DA9480-97E6-4C38-AA74-CBDC5E817631}.ReleaseX64|x64.ActiveCfg = Release|Any CPU
		{D9DA9480-97E6-4C38-AA74-CBDC5E817631}.ReleaseX64|x64.Build.0 = Release|Any CPU
		{D9DA9480-97E6-4C38-AA74-CBDC5E817631}.ReleaseX64|x86.ActiveCfg = Release|Any CPU
		{D9DA9480-97E6-4C38-AA74-CBDC5E817631}.ReleaseX64|x86.Build.0 = Release|Any CPU
		{D9DA9480-97E6-4C38-AA74-CBDC5E817631}.ReleaseX86|Any CPU.ActiveCfg = ReleaseX86|Any CPU
		{D9DA9480-97E6-4C38-AA74-CBDC5E817631}.ReleaseX86|x64.ActiveCfg = Release|Any CPU
		{D9DA9480-97E6-4C38-AA74-CBDC5E817631}.ReleaseX86|x64.Build.0 = Release|Any CPU
		{D9DA9480-97E6-4C38-AA74-CBDC5E817631}.ReleaseX86|x86.ActiveCfg = Release|Any CPU
		{D9DA9480-97E6-4C38-AA74-CBDC5E817631}.ReleaseX86|x86.Build.0 = Release|Any CPU
		{1CBA15D0-5F8D-44FF-B38F-2A8CEC369408}.Debug|Any CPU.ActiveCfg = Debug|Any CPU
		{1CBA15D0-5F8D-44FF-B38F-2A8CEC369408}.Debug|Any CPU.Build.0 = Debug|Any CPU
		{1CBA15D0-5F8D-44FF-B38F-2A8CEC369408}.Debug|x64.ActiveCfg = Debug|Any CPU
		{1CBA15D0-5F8D-44FF-B38F-2A8CEC369408}.Debug|x64.Build.0 = Debug|Any CPU
		{1CBA15D0-5F8D-44FF-B38F-2A8CEC369408}.Debug|x86.ActiveCfg = Debug|Any CPU
		{1CBA15D0-5F8D-44FF-B38F-2A8CEC369408}.Debug|x86.Build.0 = Debug|Any CPU
		{1CBA15D0-5F8D-44FF-B38F-2A8CEC369408}.Release|Any CPU.ActiveCfg = Release|Any CPU
		{1CBA15D0-5F8D-44FF-B38F-2A8CEC369408}.Release|Any CPU.Build.0 = Release|Any CPU
		{1CBA15D0-5F8D-44FF-B38F-2A8CEC369408}.Release|x64.ActiveCfg = Release|Any CPU
		{1CBA15D0-5F8D-44FF-B38F-2A8CEC369408}.Release|x64.Build.0 = Release|Any CPU
		{1CBA15D0-5F8D-44FF-B38F-2A8CEC369408}.Release|x86.ActiveCfg = Release|Any CPU
		{1CBA15D0-5F8D-44FF-B38F-2A8CEC369408}.Release|x86.Build.0 = Release|Any CPU
		{1CBA15D0-5F8D-44FF-B38F-2A8CEC369408}.ReleaseX64|Any CPU.ActiveCfg = ReleaseX64|Any CPU
		{1CBA15D0-5F8D-44FF-B38F-2A8CEC369408}.ReleaseX64|Any CPU.Build.0 = ReleaseX64|Any CPU
		{1CBA15D0-5F8D-44FF-B38F-2A8CEC369408}.ReleaseX64|x64.ActiveCfg = Release|Any CPU
		{1CBA15D0-5F8D-44FF-B38F-2A8CEC369408}.ReleaseX64|x64.Build.0 = Release|Any CPU
		{1CBA15D0-5F8D-44FF-B38F-2A8CEC369408}.ReleaseX64|x86.ActiveCfg = Release|Any CPU
		{1CBA15D0-5F8D-44FF-B38F-2A8CEC369408}.ReleaseX64|x86.Build.0 = Release|Any CPU
		{1CBA15D0-5F8D-44FF-B38F-2A8CEC369408}.ReleaseX86|Any CPU.ActiveCfg = ReleaseX86|Any CPU
		{1CBA15D0-5F8D-44FF-B38F-2A8CEC369408}.ReleaseX86|x64.ActiveCfg = Release|Any CPU
		{1CBA15D0-5F8D-44FF-B38F-2A8CEC369408}.ReleaseX86|x64.Build.0 = Release|Any CPU
		{1CBA15D0-5F8D-44FF-B38F-2A8CEC369408}.ReleaseX86|x86.ActiveCfg = Release|Any CPU
		{1CBA15D0-5F8D-44FF-B38F-2A8CEC369408}.ReleaseX86|x86.Build.0 = Release|Any CPU
		{C314BC6C-50BA-4F70-8C38-BC0D1061B1D5}.Debug|Any CPU.ActiveCfg = Debug|Any CPU
		{C314BC6C-50BA-4F70-8C38-BC0D1061B1D5}.Debug|Any CPU.Build.0 = Debug|Any CPU
		{C314BC6C-50BA-4F70-8C38-BC0D1061B1D5}.Debug|x64.ActiveCfg = Debug|Any CPU
		{C314BC6C-50BA-4F70-8C38-BC0D1061B1D5}.Debug|x64.Build.0 = Debug|Any CPU
		{C314BC6C-50BA-4F70-8C38-BC0D1061B1D5}.Debug|x86.ActiveCfg = Debug|Any CPU
		{C314BC6C-50BA-4F70-8C38-BC0D1061B1D5}.Debug|x86.Build.0 = Debug|Any CPU
		{C314BC6C-50BA-4F70-8C38-BC0D1061B1D5}.Release|Any CPU.ActiveCfg = Release|Any CPU
		{C314BC6C-50BA-4F70-8C38-BC0D1061B1D5}.Release|Any CPU.Build.0 = Release|Any CPU
		{C314BC6C-50BA-4F70-8C38-BC0D1061B1D5}.Release|x64.ActiveCfg = Release|Any CPU
		{C314BC6C-50BA-4F70-8C38-BC0D1061B1D5}.Release|x64.Build.0 = Release|Any CPU
		{C314BC6C-50BA-4F70-8C38-BC0D1061B1D5}.Release|x86.ActiveCfg = Release|Any CPU
		{C314BC6C-50BA-4F70-8C38-BC0D1061B1D5}.Release|x86.Build.0 = Release|Any CPU
		{C314BC6C-50BA-4F70-8C38-BC0D1061B1D5}.ReleaseX64|Any CPU.ActiveCfg = ReleaseX64|Any CPU
		{C314BC6C-50BA-4F70-8C38-BC0D1061B1D5}.ReleaseX64|x64.ActiveCfg = Release|Any CPU
		{C314BC6C-50BA-4F70-8C38-BC0D1061B1D5}.ReleaseX64|x64.Build.0 = Release|Any CPU
		{C314BC6C-50BA-4F70-8C38-BC0D1061B1D5}.ReleaseX64|x86.ActiveCfg = Release|Any CPU
		{C314BC6C-50BA-4F70-8C38-BC0D1061B1D5}.ReleaseX64|x86.Build.0 = Release|Any CPU
		{C314BC6C-50BA-4F70-8C38-BC0D1061B1D5}.ReleaseX86|Any CPU.ActiveCfg = ReleaseX86|Any CPU
		{C314BC6C-50BA-4F70-8C38-BC0D1061B1D5}.ReleaseX86|Any CPU.Build.0 = ReleaseX86|Any CPU
		{C314BC6C-50BA-4F70-8C38-BC0D1061B1D5}.ReleaseX86|x64.ActiveCfg = Release|Any CPU
		{C314BC6C-50BA-4F70-8C38-BC0D1061B1D5}.ReleaseX86|x64.Build.0 = Release|Any CPU
		{C314BC6C-50BA-4F70-8C38-BC0D1061B1D5}.ReleaseX86|x86.ActiveCfg = Release|Any CPU
		{C314BC6C-50BA-4F70-8C38-BC0D1061B1D5}.ReleaseX86|x86.Build.0 = Release|Any CPU
		{7202AC50-5F5F-48D1-86BD-DC33E519FBED}.Debug|Any CPU.ActiveCfg = Debug|Any CPU
		{7202AC50-5F5F-48D1-86BD-DC33E519FBED}.Debug|Any CPU.Build.0 = Debug|Any CPU
		{7202AC50-5F5F-48D1-86BD-DC33E519FBED}.Debug|x64.ActiveCfg = Debug|Any CPU
		{7202AC50-5F5F-48D1-86BD-DC33E519FBED}.Debug|x64.Build.0 = Debug|Any CPU
		{7202AC50-5F5F-48D1-86BD-DC33E519FBED}.Debug|x86.ActiveCfg = Debug|Any CPU
		{7202AC50-5F5F-48D1-86BD-DC33E519FBED}.Debug|x86.Build.0 = Debug|Any CPU
		{7202AC50-5F5F-48D1-86BD-DC33E519FBED}.Release|Any CPU.ActiveCfg = Release|Any CPU
		{7202AC50-5F5F-48D1-86BD-DC33E519FBED}.Release|Any CPU.Build.0 = Release|Any CPU
		{7202AC50-5F5F-48D1-86BD-DC33E519FBED}.Release|x64.ActiveCfg = Release|Any CPU
		{7202AC50-5F5F-48D1-86BD-DC33E519FBED}.Release|x64.Build.0 = Release|Any CPU
		{7202AC50-5F5F-48D1-86BD-DC33E519FBED}.Release|x86.ActiveCfg = Release|Any CPU
		{7202AC50-5F5F-48D1-86BD-DC33E519FBED}.Release|x86.Build.0 = Release|Any CPU
		{7202AC50-5F5F-48D1-86BD-DC33E519FBED}.ReleaseX64|Any CPU.ActiveCfg = Release|Any CPU
		{7202AC50-5F5F-48D1-86BD-DC33E519FBED}.ReleaseX64|Any CPU.Build.0 = Release|Any CPU
		{7202AC50-5F5F-48D1-86BD-DC33E519FBED}.ReleaseX64|x64.ActiveCfg = Release|Any CPU
		{7202AC50-5F5F-48D1-86BD-DC33E519FBED}.ReleaseX64|x64.Build.0 = Release|Any CPU
		{7202AC50-5F5F-48D1-86BD-DC33E519FBED}.ReleaseX64|x86.ActiveCfg = Release|Any CPU
		{7202AC50-5F5F-48D1-86BD-DC33E519FBED}.ReleaseX64|x86.Build.0 = Release|Any CPU
		{7202AC50-5F5F-48D1-86BD-DC33E519FBED}.ReleaseX86|Any CPU.ActiveCfg = Release|Any CPU
		{7202AC50-5F5F-48D1-86BD-DC33E519FBED}.ReleaseX86|Any CPU.Build.0 = Release|Any CPU
		{7202AC50-5F5F-48D1-86BD-DC33E519FBED}.ReleaseX86|x64.ActiveCfg = Release|Any CPU
		{7202AC50-5F5F-48D1-86BD-DC33E519FBED}.ReleaseX86|x64.Build.0 = Release|Any CPU
		{7202AC50-5F5F-48D1-86BD-DC33E519FBED}.ReleaseX86|x86.ActiveCfg = Release|Any CPU
		{7202AC50-5F5F-48D1-86BD-DC33E519FBED}.ReleaseX86|x86.Build.0 = Release|Any CPU
		{3E9A8AD8-1436-45EF-A2FE-24706EAC474A}.Debug|Any CPU.ActiveCfg = Debug|Any CPU
		{3E9A8AD8-1436-45EF-A2FE-24706EAC474A}.Debug|Any CPU.Build.0 = Debug|Any CPU
		{3E9A8AD8-1436-45EF-A2FE-24706EAC474A}.Debug|x64.ActiveCfg = Debug|Any CPU
		{3E9A8AD8-1436-45EF-A2FE-24706EAC474A}.Debug|x64.Build.0 = Debug|Any CPU
		{3E9A8AD8-1436-45EF-A2FE-24706EAC474A}.Debug|x86.ActiveCfg = Debug|Any CPU
		{3E9A8AD8-1436-45EF-A2FE-24706EAC474A}.Debug|x86.Build.0 = Debug|Any CPU
		{3E9A8AD8-1436-45EF-A2FE-24706EAC474A}.Release|Any CPU.ActiveCfg = Release|Any CPU
		{3E9A8AD8-1436-45EF-A2FE-24706EAC474A}.Release|Any CPU.Build.0 = Release|Any CPU
		{3E9A8AD8-1436-45EF-A2FE-24706EAC474A}.Release|x64.ActiveCfg = Release|Any CPU
		{3E9A8AD8-1436-45EF-A2FE-24706EAC474A}.Release|x64.Build.0 = Release|Any CPU
		{3E9A8AD8-1436-45EF-A2FE-24706EAC474A}.Release|x86.ActiveCfg = Release|Any CPU
		{3E9A8AD8-1436-45EF-A2FE-24706EAC474A}.Release|x86.Build.0 = Release|Any CPU
		{3E9A8AD8-1436-45EF-A2FE-24706EAC474A}.ReleaseX64|Any CPU.ActiveCfg = Release|Any CPU
		{3E9A8AD8-1436-45EF-A2FE-24706EAC474A}.ReleaseX64|Any CPU.Build.0 = Release|Any CPU
		{3E9A8AD8-1436-45EF-A2FE-24706EAC474A}.ReleaseX64|x64.ActiveCfg = Release|Any CPU
		{3E9A8AD8-1436-45EF-A2FE-24706EAC474A}.ReleaseX64|x64.Build.0 = Release|Any CPU
		{3E9A8AD8-1436-45EF-A2FE-24706EAC474A}.ReleaseX64|x86.ActiveCfg = Release|Any CPU
		{3E9A8AD8-1436-45EF-A2FE-24706EAC474A}.ReleaseX64|x86.Build.0 = Release|Any CPU
		{3E9A8AD8-1436-45EF-A2FE-24706EAC474A}.ReleaseX86|Any CPU.ActiveCfg = Release|Any CPU
		{3E9A8AD8-1436-45EF-A2FE-24706EAC474A}.ReleaseX86|Any CPU.Build.0 = Release|Any CPU
		{3E9A8AD8-1436-45EF-A2FE-24706EAC474A}.ReleaseX86|x64.ActiveCfg = Release|Any CPU
		{3E9A8AD8-1436-45EF-A2FE-24706EAC474A}.ReleaseX86|x64.Build.0 = Release|Any CPU
		{3E9A8AD8-1436-45EF-A2FE-24706EAC474A}.ReleaseX86|x86.ActiveCfg = Release|Any CPU
		{3E9A8AD8-1436-45EF-A2FE-24706EAC474A}.ReleaseX86|x86.Build.0 = Release|Any CPU
	EndGlobalSection
	GlobalSection(SolutionProperties) = preSolution
		HideSolutionNode = FALSE
	EndGlobalSection
	GlobalSection(NestedProjects) = preSolution
		{7AAFD253-5C15-4F26-B068-9C99B9F2BFE7} = {FA393BFB-DC94-4079-9572-4CAE8179DFC9}
		{D9DA9480-97E6-4C38-AA74-CBDC5E817631} = {FA393BFB-DC94-4079-9572-4CAE8179DFC9}
		{1CBA15D0-5F8D-44FF-B38F-2A8CEC369408} = {FA393BFB-DC94-4079-9572-4CAE8179DFC9}
		{56CFE9F9-B12F-45A1-BAC3-3D4C6E58936D} = {FA393BFB-DC94-4079-9572-4CAE8179DFC9}
		{C314BC6C-50BA-4F70-8C38-BC0D1061B1D5} = {FA393BFB-DC94-4079-9572-4CAE8179DFC9}
		{7202AC50-5F5F-48D1-86BD-DC33E519FBED} = {0B76A01A-0714-4F9E-A419-38C3CB2CD0DF}
	EndGlobalSection
	GlobalSection(ExtensibilityGlobals) = postSolution
		SolutionGuid = {8F1C3E1B-972F-4903-9445-6F9834624107}
	EndGlobalSection
EndGlobal
